// !$*UTF8*$!
{
	archiveVersion = 1;
	classes = {
	};
	objectVersion = 46;
	objects = {

/* Begin PBXBuildFile section */
		FB0B59271CC7E25C00C4A9AA /* black.jpg in Resources */ = {isa = PBXBuildFile; fileRef = FB0B59251CC7E25C00C4A9AA /* black.jpg */; };
		FB0B59281CC7E25C00C4A9AA /* white.jpg in Resources */ = {isa = PBXBuildFile; fileRef = FB0B59261CC7E25C00C4A9AA /* white.jpg */; };
		FB119E571CC95F7700B0A6C7 /* Main.storyboard in Resources */ = {isa = PBXBuildFile; fileRef = FB119E561CC95F7700B0A6C7 /* Main.storyboard */; };
		FBB7EE8E1CC7BBC700A2116C /* AppDelegate.swift in Sources */ = {isa = PBXBuildFile; fileRef = FBB7EE8D1CC7BBC700A2116C /* AppDelegate.swift */; };
		FBB7EE901CC7BBC700A2116C /* ViewController.swift in Sources */ = {isa = PBXBuildFile; fileRef = FBB7EE8F1CC7BBC700A2116C /* ViewController.swift */; };
		FBB7EE931CC7BBC700A2116C /* Main.storyboard in Resources */ = {isa = PBXBuildFile; fileRef = FBB7EE911CC7BBC700A2116C /* Main.storyboard */; };
		FBB7EE961CC7BBC700A2116C /* _dtones.xcdatamodeld in Sources */ = {isa = PBXBuildFile; fileRef = FBB7EE941CC7BBC700A2116C /* _dtones.xcdatamodeld */; };
		FBB7EE981CC7BBC700A2116C /* Assets.xcassets in Resources */ = {isa = PBXBuildFile; fileRef = FBB7EE971CC7BBC700A2116C /* Assets.xcassets */; };
		FBB7EE9B1CC7BBC700A2116C /* LaunchScreen.storyboard in Resources */ = {isa = PBXBuildFile; fileRef = FBB7EE991CC7BBC700A2116C /* LaunchScreen.storyboard */; };
		FBB7EEA61CC7BBC700A2116C /* _dtonesTests.swift in Sources */ = {isa = PBXBuildFile; fileRef = FBB7EEA51CC7BBC700A2116C /* _dtonesTests.swift */; };
		FBB7EEB11CC7BBC700A2116C /* _dtonesUITests.swift in Sources */ = {isa = PBXBuildFile; fileRef = FBB7EEB01CC7BBC700A2116C /* _dtonesUITests.swift */; };
		FBC114A71CCA5174003E9BC7 /* aboutme1.png in Resources */ = {isa = PBXBuildFile; fileRef = FBC114A41CCA5174003E9BC7 /* aboutme1.png */; };
		FBC114A81CCA5174003E9BC7 /* aboutme2.png in Resources */ = {isa = PBXBuildFile; fileRef = FBC114A51CCA5174003E9BC7 /* aboutme2.png */; };
		FBC114A91CCA5174003E9BC7 /* aboutme3.png in Resources */ = {isa = PBXBuildFile; fileRef = FBC114A61CCA5174003E9BC7 /* aboutme3.png */; };
		FBC114AD1CCA549F003E9BC7 /* icon1.png in Resources */ = {isa = PBXBuildFile; fileRef = FBC114AA1CCA549F003E9BC7 /* icon1.png */; };
		FBC114AE1CCA549F003E9BC7 /* icon2.png in Resources */ = {isa = PBXBuildFile; fileRef = FBC114AB1CCA549F003E9BC7 /* icon2.png */; };
		FBC114AF1CCA549F003E9BC7 /* icon3.png in Resources */ = {isa = PBXBuildFile; fileRef = FBC114AC1CCA549F003E9BC7 /* icon3.png */; };
		FBC114B31CCA58D5003E9BC7 /* info1.png in Resources */ = {isa = PBXBuildFile; fileRef = FBC114B01CCA58D5003E9BC7 /* info1.png */; };
		FBC114B41CCA58D5003E9BC7 /* info2.png in Resources */ = {isa = PBXBuildFile; fileRef = FBC114B11CCA58D5003E9BC7 /* info2.png */; };
		FBC114B51CCA58D5003E9BC7 /* info3.png in Resources */ = {isa = PBXBuildFile; fileRef = FBC114B21CCA58D5003E9BC7 /* info3.png */; };
		FBC114B91CCA6021003E9BC7 /* twitter1.png in Resources */ = {isa = PBXBuildFile; fileRef = FBC114B61CCA6021003E9BC7 /* twitter1.png */; };
		FBC114BA1CCA6021003E9BC7 /* twitter2.png in Resources */ = {isa = PBXBuildFile; fileRef = FBC114B71CCA6021003E9BC7 /* twitter2.png */; };
		FBC114BB1CCA6021003E9BC7 /* twitter3.png in Resources */ = {isa = PBXBuildFile; fileRef = FBC114B81CCA6021003E9BC7 /* twitter3.png */; };
		FBC114BF1CCA6144003E9BC7 /* github1.png in Resources */ = {isa = PBXBuildFile; fileRef = FBC114BC1CCA6144003E9BC7 /* github1.png */; };
		FBC114C01CCA6144003E9BC7 /* github2.png in Resources */ = {isa = PBXBuildFile; fileRef = FBC114BD1CCA6144003E9BC7 /* github2.png */; };
		FBC114C11CCA6144003E9BC7 /* github3.png in Resources */ = {isa = PBXBuildFile; fileRef = FBC114BE1CCA6144003E9BC7 /* github3.png */; };
		FBC114C51CCA6219003E9BC7 /* back1.png in Resources */ = {isa = PBXBuildFile; fileRef = FBC114C21CCA6219003E9BC7 /* back1.png */; };
		FBC114C61CCA6219003E9BC7 /* back2.png in Resources */ = {isa = PBXBuildFile; fileRef = FBC114C31CCA6219003E9BC7 /* back2.png */; };
		FBC114C71CCA6219003E9BC7 /* back3.png in Resources */ = {isa = PBXBuildFile; fileRef = FBC114C41CCA6219003E9BC7 /* back3.png */; };
		FBC114CB1CCA6BF6003E9BC7 /* piano1.png in Resources */ = {isa = PBXBuildFile; fileRef = FBC114C81CCA6BF6003E9BC7 /* piano1.png */; };
		FBC114CC1CCA6BF6003E9BC7 /* piano2.png in Resources */ = {isa = PBXBuildFile; fileRef = FBC114C91CCA6BF6003E9BC7 /* piano2.png */; };
		FBC114CD1CCA6BF6003E9BC7 /* piano3.png in Resources */ = {isa = PBXBuildFile; fileRef = FBC114CA1CCA6BF6003E9BC7 /* piano3.png */; };
		FBC114D11CCA6D80003E9BC7 /* flute1.png in Resources */ = {isa = PBXBuildFile; fileRef = FBC114CE1CCA6D80003E9BC7 /* flute1.png */; };
		FBC114D21CCA6D80003E9BC7 /* flute2.png in Resources */ = {isa = PBXBuildFile; fileRef = FBC114CF1CCA6D80003E9BC7 /* flute2.png */; };
		FBC114D31CCA6D80003E9BC7 /* flute3.png in Resources */ = {isa = PBXBuildFile; fileRef = FBC114D01CCA6D80003E9BC7 /* flute3.png */; };
		FBC114D71CCA6E24003E9BC7 /* violin1.png in Resources */ = {isa = PBXBuildFile; fileRef = FBC114D41CCA6E24003E9BC7 /* violin1.png */; };
		FBC114D81CCA6E24003E9BC7 /* violin2.png in Resources */ = {isa = PBXBuildFile; fileRef = FBC114D51CCA6E24003E9BC7 /* violin2.png */; };
		FBC114D91CCA6E24003E9BC7 /* violin3.png in Resources */ = {isa = PBXBuildFile; fileRef = FBC114D61CCA6E24003E9BC7 /* violin3.png */; };
		FBD9C4DD1CCA41AF00CF83A5 /* Piano.mf.A1.aiff in Resources */ = {isa = PBXBuildFile; fileRef = FBD9C3D11CCA41AF00CF83A5 /* Piano.mf.A1.aiff */; };
		FBD9C4DE1CCA41AF00CF83A5 /* Piano.mf.A2.aiff in Resources */ = {isa = PBXBuildFile; fileRef = FBD9C3D21CCA41AF00CF83A5 /* Piano.mf.A2.aiff */; };
		FBD9C4DF1CCA41AF00CF83A5 /* Piano.mf.A3.aiff in Resources */ = {isa = PBXBuildFile; fileRef = FBD9C3D31CCA41AF00CF83A5 /* Piano.mf.A3.aiff */; };
		FBD9C4E01CCA41AF00CF83A5 /* Piano.mf.A4.aiff in Resources */ = {isa = PBXBuildFile; fileRef = FBD9C3D41CCA41AF00CF83A5 /* Piano.mf.A4.aiff */; };
		FBD9C4E11CCA41AF00CF83A5 /* Piano.mf.A5.aiff in Resources */ = {isa = PBXBuildFile; fileRef = FBD9C3D51CCA41AF00CF83A5 /* Piano.mf.A5.aiff */; };
		FBD9C4E21CCA41AF00CF83A5 /* Piano.mf.A6.aiff in Resources */ = {isa = PBXBuildFile; fileRef = FBD9C3D61CCA41AF00CF83A5 /* Piano.mf.A6.aiff */; };
		FBD9C4E31CCA41AF00CF83A5 /* Piano.mf.A7.aiff in Resources */ = {isa = PBXBuildFile; fileRef = FBD9C3D71CCA41AF00CF83A5 /* Piano.mf.A7.aiff */; };
		FBD9C4E41CCA41AF00CF83A5 /* Piano.mf.Ab1.aiff in Resources */ = {isa = PBXBuildFile; fileRef = FBD9C3D81CCA41AF00CF83A5 /* Piano.mf.Ab1.aiff */; };
		FBD9C4E51CCA41AF00CF83A5 /* Piano.mf.Ab2.aiff in Resources */ = {isa = PBXBuildFile; fileRef = FBD9C3D91CCA41AF00CF83A5 /* Piano.mf.Ab2.aiff */; };
		FBD9C4E61CCA41AF00CF83A5 /* Piano.mf.Ab3.aiff in Resources */ = {isa = PBXBuildFile; fileRef = FBD9C3DA1CCA41AF00CF83A5 /* Piano.mf.Ab3.aiff */; };
		FBD9C4E71CCA41AF00CF83A5 /* Piano.mf.Ab4.aiff in Resources */ = {isa = PBXBuildFile; fileRef = FBD9C3DB1CCA41AF00CF83A5 /* Piano.mf.Ab4.aiff */; };
		FBD9C4E81CCA41AF00CF83A5 /* Piano.mf.Ab5.aiff in Resources */ = {isa = PBXBuildFile; fileRef = FBD9C3DC1CCA41AF00CF83A5 /* Piano.mf.Ab5.aiff */; };
		FBD9C4E91CCA41AF00CF83A5 /* Piano.mf.Ab6.aiff in Resources */ = {isa = PBXBuildFile; fileRef = FBD9C3DD1CCA41AF00CF83A5 /* Piano.mf.Ab6.aiff */; };
		FBD9C4EA1CCA41AF00CF83A5 /* Piano.mf.Ab7.aiff in Resources */ = {isa = PBXBuildFile; fileRef = FBD9C3DE1CCA41AF00CF83A5 /* Piano.mf.Ab7.aiff */; };
		FBD9C4EB1CCA41AF00CF83A5 /* Piano.mf.B0.aiff in Resources */ = {isa = PBXBuildFile; fileRef = FBD9C3DF1CCA41AF00CF83A5 /* Piano.mf.B0.aiff */; };
		FBD9C4EC1CCA41AF00CF83A5 /* Piano.mf.B1.aiff in Resources */ = {isa = PBXBuildFile; fileRef = FBD9C3E01CCA41AF00CF83A5 /* Piano.mf.B1.aiff */; };
		FBD9C4ED1CCA41AF00CF83A5 /* Piano.mf.B2.aiff in Resources */ = {isa = PBXBuildFile; fileRef = FBD9C3E11CCA41AF00CF83A5 /* Piano.mf.B2.aiff */; };
		FBD9C4EE1CCA41AF00CF83A5 /* Piano.mf.B3.aiff in Resources */ = {isa = PBXBuildFile; fileRef = FBD9C3E21CCA41AF00CF83A5 /* Piano.mf.B3.aiff */; };
		FBD9C4EF1CCA41AF00CF83A5 /* Piano.mf.B4.aiff in Resources */ = {isa = PBXBuildFile; fileRef = FBD9C3E31CCA41AF00CF83A5 /* Piano.mf.B4.aiff */; };
		FBD9C4F01CCA41AF00CF83A5 /* Piano.mf.B5.aiff in Resources */ = {isa = PBXBuildFile; fileRef = FBD9C3E41CCA41AF00CF83A5 /* Piano.mf.B5.aiff */; };
		FBD9C4F11CCA41AF00CF83A5 /* Piano.mf.B6.aiff in Resources */ = {isa = PBXBuildFile; fileRef = FBD9C3E51CCA41AF00CF83A5 /* Piano.mf.B6.aiff */; };
		FBD9C4F21CCA41AF00CF83A5 /* Piano.mf.B7.aiff in Resources */ = {isa = PBXBuildFile; fileRef = FBD9C3E61CCA41AF00CF83A5 /* Piano.mf.B7.aiff */; };
		FBD9C4F31CCA41AF00CF83A5 /* Piano.mf.Bb1.aiff in Resources */ = {isa = PBXBuildFile; fileRef = FBD9C3E71CCA41AF00CF83A5 /* Piano.mf.Bb1.aiff */; };
		FBD9C4F41CCA41AF00CF83A5 /* Piano.mf.Bb2.aiff in Resources */ = {isa = PBXBuildFile; fileRef = FBD9C3E81CCA41AF00CF83A5 /* Piano.mf.Bb2.aiff */; };
		FBD9C4F51CCA41AF00CF83A5 /* Piano.mf.Bb3.aiff in Resources */ = {isa = PBXBuildFile; fileRef = FBD9C3E91CCA41AF00CF83A5 /* Piano.mf.Bb3.aiff */; };
		FBD9C4F61CCA41AF00CF83A5 /* Piano.mf.Bb4.aiff in Resources */ = {isa = PBXBuildFile; fileRef = FBD9C3EA1CCA41AF00CF83A5 /* Piano.mf.Bb4.aiff */; };
		FBD9C4F71CCA41AF00CF83A5 /* Piano.mf.Bb5.aiff in Resources */ = {isa = PBXBuildFile; fileRef = FBD9C3EB1CCA41AF00CF83A5 /* Piano.mf.Bb5.aiff */; };
		FBD9C4F81CCA41AF00CF83A5 /* Piano.mf.Bb6.aiff in Resources */ = {isa = PBXBuildFile; fileRef = FBD9C3EC1CCA41AF00CF83A5 /* Piano.mf.Bb6.aiff */; };
		FBD9C4F91CCA41AF00CF83A5 /* Piano.mf.Bb7.aiff in Resources */ = {isa = PBXBuildFile; fileRef = FBD9C3ED1CCA41AF00CF83A5 /* Piano.mf.Bb7.aiff */; };
		FBD9C4FA1CCA41AF00CF83A5 /* Piano.mf.C1.aiff in Resources */ = {isa = PBXBuildFile; fileRef = FBD9C3EE1CCA41AF00CF83A5 /* Piano.mf.C1.aiff */; };
		FBD9C4FB1CCA41AF00CF83A5 /* Piano.mf.C2.aiff in Resources */ = {isa = PBXBuildFile; fileRef = FBD9C3EF1CCA41AF00CF83A5 /* Piano.mf.C2.aiff */; };
		FBD9C4FC1CCA41AF00CF83A5 /* Piano.mf.C3.aiff in Resources */ = {isa = PBXBuildFile; fileRef = FBD9C3F01CCA41AF00CF83A5 /* Piano.mf.C3.aiff */; };
		FBD9C4FD1CCA41AF00CF83A5 /* Piano.mf.C4.aiff in Resources */ = {isa = PBXBuildFile; fileRef = FBD9C3F11CCA41AF00CF83A5 /* Piano.mf.C4.aiff */; };
		FBD9C4FE1CCA41AF00CF83A5 /* Piano.mf.C5.aiff in Resources */ = {isa = PBXBuildFile; fileRef = FBD9C3F21CCA41AF00CF83A5 /* Piano.mf.C5.aiff */; };
		FBD9C4FF1CCA41AF00CF83A5 /* Piano.mf.C6.aiff in Resources */ = {isa = PBXBuildFile; fileRef = FBD9C3F31CCA41AF00CF83A5 /* Piano.mf.C6.aiff */; };
		FBD9C5001CCA41AF00CF83A5 /* Piano.mf.C7.aiff in Resources */ = {isa = PBXBuildFile; fileRef = FBD9C3F41CCA41AF00CF83A5 /* Piano.mf.C7.aiff */; };
		FBD9C5011CCA41AF00CF83A5 /* Piano.mf.C8.aiff in Resources */ = {isa = PBXBuildFile; fileRef = FBD9C3F51CCA41AF00CF83A5 /* Piano.mf.C8.aiff */; };
		FBD9C5021CCA41AF00CF83A5 /* Piano.mf.D1.1.aiff in Resources */ = {isa = PBXBuildFile; fileRef = FBD9C3F61CCA41AF00CF83A5 /* Piano.mf.D1.1.aiff */; };
		FBD9C5031CCA41AF00CF83A5 /* Piano.mf.D1.aiff in Resources */ = {isa = PBXBuildFile; fileRef = FBD9C3F71CCA41AF00CF83A5 /* Piano.mf.D1.aiff */; };
		FBD9C5041CCA41AF00CF83A5 /* Piano.mf.D2.aiff in Resources */ = {isa = PBXBuildFile; fileRef = FBD9C3F81CCA41AF00CF83A5 /* Piano.mf.D2.aiff */; };
		FBD9C5051CCA41AF00CF83A5 /* Piano.mf.D3.aiff in Resources */ = {isa = PBXBuildFile; fileRef = FBD9C3F91CCA41AF00CF83A5 /* Piano.mf.D3.aiff */; };
		FBD9C5061CCA41AF00CF83A5 /* Piano.mf.D4.aiff in Resources */ = {isa = PBXBuildFile; fileRef = FBD9C3FA1CCA41AF00CF83A5 /* Piano.mf.D4.aiff */; };
		FBD9C5071CCA41AF00CF83A5 /* Piano.mf.D5.aiff in Resources */ = {isa = PBXBuildFile; fileRef = FBD9C3FB1CCA41AF00CF83A5 /* Piano.mf.D5.aiff */; };
		FBD9C5081CCA41AF00CF83A5 /* Piano.mf.D6.aiff in Resources */ = {isa = PBXBuildFile; fileRef = FBD9C3FC1CCA41AF00CF83A5 /* Piano.mf.D6.aiff */; };
		FBD9C5091CCA41AF00CF83A5 /* Piano.mf.D7.aiff in Resources */ = {isa = PBXBuildFile; fileRef = FBD9C3FD1CCA41AF00CF83A5 /* Piano.mf.D7.aiff */; };
		FBD9C50A1CCA41AF00CF83A5 /* Piano.mf.Db1.1.aiff in Resources */ = {isa = PBXBuildFile; fileRef = FBD9C3FE1CCA41AF00CF83A5 /* Piano.mf.Db1.1.aiff */; };
		FBD9C50B1CCA41AF00CF83A5 /* Piano.mf.Db1.aiff in Resources */ = {isa = PBXBuildFile; fileRef = FBD9C3FF1CCA41AF00CF83A5 /* Piano.mf.Db1.aiff */; };
		FBD9C50C1CCA41AF00CF83A5 /* Piano.mf.Db2.aiff in Resources */ = {isa = PBXBuildFile; fileRef = FBD9C4001CCA41AF00CF83A5 /* Piano.mf.Db2.aiff */; };
		FBD9C50D1CCA41AF00CF83A5 /* Piano.mf.Db3.aiff in Resources */ = {isa = PBXBuildFile; fileRef = FBD9C4011CCA41AF00CF83A5 /* Piano.mf.Db3.aiff */; };
		FBD9C50E1CCA41AF00CF83A5 /* Piano.mf.Db4.aiff in Resources */ = {isa = PBXBuildFile; fileRef = FBD9C4021CCA41AF00CF83A5 /* Piano.mf.Db4.aiff */; };
		FBD9C50F1CCA41AF00CF83A5 /* Piano.mf.Db5.aiff in Resources */ = {isa = PBXBuildFile; fileRef = FBD9C4031CCA41AF00CF83A5 /* Piano.mf.Db5.aiff */; };
		FBD9C5101CCA41AF00CF83A5 /* Piano.mf.Db6.aiff in Resources */ = {isa = PBXBuildFile; fileRef = FBD9C4041CCA41AF00CF83A5 /* Piano.mf.Db6.aiff */; };
		FBD9C5111CCA41AF00CF83A5 /* Piano.mf.Db7.aiff in Resources */ = {isa = PBXBuildFile; fileRef = FBD9C4051CCA41AF00CF83A5 /* Piano.mf.Db7.aiff */; };
		FBD9C5121CCA41AF00CF83A5 /* Piano.mf.E1.1.aiff in Resources */ = {isa = PBXBuildFile; fileRef = FBD9C4061CCA41AF00CF83A5 /* Piano.mf.E1.1.aiff */; };
		FBD9C5131CCA41AF00CF83A5 /* Piano.mf.E1.aiff in Resources */ = {isa = PBXBuildFile; fileRef = FBD9C4071CCA41AF00CF83A5 /* Piano.mf.E1.aiff */; };
		FBD9C5141CCA41AF00CF83A5 /* Piano.mf.E2.aiff in Resources */ = {isa = PBXBuildFile; fileRef = FBD9C4081CCA41AF00CF83A5 /* Piano.mf.E2.aiff */; };
		FBD9C5151CCA41AF00CF83A5 /* Piano.mf.E3.aiff in Resources */ = {isa = PBXBuildFile; fileRef = FBD9C4091CCA41AF00CF83A5 /* Piano.mf.E3.aiff */; };
		FBD9C5161CCA41AF00CF83A5 /* Piano.mf.E4.aiff in Resources */ = {isa = PBXBuildFile; fileRef = FBD9C40A1CCA41AF00CF83A5 /* Piano.mf.E4.aiff */; };
		FBD9C5171CCA41AF00CF83A5 /* Piano.mf.E5.aiff in Resources */ = {isa = PBXBuildFile; fileRef = FBD9C40B1CCA41AF00CF83A5 /* Piano.mf.E5.aiff */; };
		FBD9C5181CCA41AF00CF83A5 /* Piano.mf.E6.aiff in Resources */ = {isa = PBXBuildFile; fileRef = FBD9C40C1CCA41AF00CF83A5 /* Piano.mf.E6.aiff */; };
		FBD9C5191CCA41AF00CF83A5 /* Piano.mf.E7.aiff in Resources */ = {isa = PBXBuildFile; fileRef = FBD9C40D1CCA41AF00CF83A5 /* Piano.mf.E7.aiff */; };
		FBD9C51A1CCA41AF00CF83A5 /* Piano.mf.Eb1.aiff in Resources */ = {isa = PBXBuildFile; fileRef = FBD9C40E1CCA41AF00CF83A5 /* Piano.mf.Eb1.aiff */; };
		FBD9C51B1CCA41AF00CF83A5 /* Piano.mf.Eb2.aiff in Resources */ = {isa = PBXBuildFile; fileRef = FBD9C40F1CCA41AF00CF83A5 /* Piano.mf.Eb2.aiff */; };
		FBD9C51C1CCA41AF00CF83A5 /* Piano.mf.Eb3.aiff in Resources */ = {isa = PBXBuildFile; fileRef = FBD9C4101CCA41AF00CF83A5 /* Piano.mf.Eb3.aiff */; };
		FBD9C51D1CCA41AF00CF83A5 /* Piano.mf.Eb4.aiff in Resources */ = {isa = PBXBuildFile; fileRef = FBD9C4111CCA41AF00CF83A5 /* Piano.mf.Eb4.aiff */; };
		FBD9C51E1CCA41AF00CF83A5 /* Piano.mf.Eb5.aiff in Resources */ = {isa = PBXBuildFile; fileRef = FBD9C4121CCA41AF00CF83A5 /* Piano.mf.Eb5.aiff */; };
		FBD9C51F1CCA41AF00CF83A5 /* Piano.mf.Eb6.aiff in Resources */ = {isa = PBXBuildFile; fileRef = FBD9C4131CCA41AF00CF83A5 /* Piano.mf.Eb6.aiff */; };
		FBD9C5201CCA41AF00CF83A5 /* Piano.mf.Eb7.aiff in Resources */ = {isa = PBXBuildFile; fileRef = FBD9C4141CCA41AF00CF83A5 /* Piano.mf.Eb7.aiff */; };
		FBD9C5211CCA41AF00CF83A5 /* Piano.mf.F1.aiff in Resources */ = {isa = PBXBuildFile; fileRef = FBD9C4151CCA41AF00CF83A5 /* Piano.mf.F1.aiff */; };
		FBD9C5221CCA41AF00CF83A5 /* Piano.mf.F2.aiff in Resources */ = {isa = PBXBuildFile; fileRef = FBD9C4161CCA41AF00CF83A5 /* Piano.mf.F2.aiff */; };
		FBD9C5231CCA41AF00CF83A5 /* Piano.mf.F3.aiff in Resources */ = {isa = PBXBuildFile; fileRef = FBD9C4171CCA41AF00CF83A5 /* Piano.mf.F3.aiff */; };
		FBD9C5241CCA41AF00CF83A5 /* Piano.mf.F4.aiff in Resources */ = {isa = PBXBuildFile; fileRef = FBD9C4181CCA41AF00CF83A5 /* Piano.mf.F4.aiff */; };
		FBD9C5251CCA41AF00CF83A5 /* Piano.mf.F5.aiff in Resources */ = {isa = PBXBuildFile; fileRef = FBD9C4191CCA41AF00CF83A5 /* Piano.mf.F5.aiff */; };
		FBD9C5261CCA41AF00CF83A5 /* Piano.mf.F6.aiff in Resources */ = {isa = PBXBuildFile; fileRef = FBD9C41A1CCA41AF00CF83A5 /* Piano.mf.F6.aiff */; };
		FBD9C5271CCA41AF00CF83A5 /* Piano.mf.F7.aiff in Resources */ = {isa = PBXBuildFile; fileRef = FBD9C41B1CCA41AF00CF83A5 /* Piano.mf.F7.aiff */; };
		FBD9C5281CCA41AF00CF83A5 /* Piano.mf.G1.aiff in Resources */ = {isa = PBXBuildFile; fileRef = FBD9C41C1CCA41AF00CF83A5 /* Piano.mf.G1.aiff */; };
		FBD9C5291CCA41AF00CF83A5 /* Piano.mf.G2.aiff in Resources */ = {isa = PBXBuildFile; fileRef = FBD9C41D1CCA41AF00CF83A5 /* Piano.mf.G2.aiff */; };
		FBD9C52A1CCA41AF00CF83A5 /* Piano.mf.G3.aiff in Resources */ = {isa = PBXBuildFile; fileRef = FBD9C41E1CCA41AF00CF83A5 /* Piano.mf.G3.aiff */; };
		FBD9C52B1CCA41AF00CF83A5 /* Piano.mf.G4.aiff in Resources */ = {isa = PBXBuildFile; fileRef = FBD9C41F1CCA41AF00CF83A5 /* Piano.mf.G4.aiff */; };
		FBD9C52C1CCA41AF00CF83A5 /* Piano.mf.G5.aiff in Resources */ = {isa = PBXBuildFile; fileRef = FBD9C4201CCA41AF00CF83A5 /* Piano.mf.G5.aiff */; };
		FBD9C52D1CCA41AF00CF83A5 /* Piano.mf.G6.aiff in Resources */ = {isa = PBXBuildFile; fileRef = FBD9C4211CCA41AF00CF83A5 /* Piano.mf.G6.aiff */; };
		FBD9C52E1CCA41AF00CF83A5 /* Piano.mf.G7.aiff in Resources */ = {isa = PBXBuildFile; fileRef = FBD9C4221CCA41AF00CF83A5 /* Piano.mf.G7.aiff */; };
		FBD9C52F1CCA41AF00CF83A5 /* Piano.mf.Gb1.aiff in Resources */ = {isa = PBXBuildFile; fileRef = FBD9C4231CCA41AF00CF83A5 /* Piano.mf.Gb1.aiff */; };
		FBD9C5301CCA41AF00CF83A5 /* Piano.mf.Gb2.aiff in Resources */ = {isa = PBXBuildFile; fileRef = FBD9C4241CCA41AF00CF83A5 /* Piano.mf.Gb2.aiff */; };
		FBD9C5311CCA41AF00CF83A5 /* Piano.mf.Gb3.aiff in Resources */ = {isa = PBXBuildFile; fileRef = FBD9C4251CCA41AF00CF83A5 /* Piano.mf.Gb3.aiff */; };
		FBD9C5321CCA41AF00CF83A5 /* Piano.mf.Gb4.aiff in Resources */ = {isa = PBXBuildFile; fileRef = FBD9C4261CCA41AF00CF83A5 /* Piano.mf.Gb4.aiff */; };
		FBD9C5331CCA41AF00CF83A5 /* Piano.mf.Gb5.aiff in Resources */ = {isa = PBXBuildFile; fileRef = FBD9C4271CCA41AF00CF83A5 /* Piano.mf.Gb5.aiff */; };
		FBD9C5341CCA41AF00CF83A5 /* Piano.mf.Gb6.aiff in Resources */ = {isa = PBXBuildFile; fileRef = FBD9C4281CCA41AF00CF83A5 /* Piano.mf.Gb6.aiff */; };
		FBD9C5351CCA41AF00CF83A5 /* Piano.mf.Gb7.aiff in Resources */ = {isa = PBXBuildFile; fileRef = FBD9C4291CCA41AF00CF83A5 /* Piano.mf.Gb7.aiff */; };
		FBD9C59E1CCA41D800CF83A5 /* blue1.png in Resources */ = {isa = PBXBuildFile; fileRef = FBD9C58F1CCA41D800CF83A5 /* blue1.png */; };
		FBD9C59F1CCA41D800CF83A5 /* blue2.png in Resources */ = {isa = PBXBuildFile; fileRef = FBD9C5901CCA41D800CF83A5 /* blue2.png */; };
		FBD9C5A01CCA41D800CF83A5 /* blue3.png in Resources */ = {isa = PBXBuildFile; fileRef = FBD9C5911CCA41D800CF83A5 /* blue3.png */; };
		FBD9C5A11CCA41D800CF83A5 /* grey1.png in Resources */ = {isa = PBXBuildFile; fileRef = FBD9C5921CCA41D800CF83A5 /* grey1.png */; };
		FBD9C5A21CCA41D800CF83A5 /* grey2.png in Resources */ = {isa = PBXBuildFile; fileRef = FBD9C5931CCA41D800CF83A5 /* grey2.png */; };
		FBD9C5A31CCA41D800CF83A5 /* grey3.png in Resources */ = {isa = PBXBuildFile; fileRef = FBD9C5941CCA41D800CF83A5 /* grey3.png */; };
		FBD9C5A41CCA41D800CF83A5 /* orange1.png in Resources */ = {isa = PBXBuildFile; fileRef = FBD9C5951CCA41D800CF83A5 /* orange1.png */; };
		FBD9C5A51CCA41D800CF83A5 /* orange2.png in Resources */ = {isa = PBXBuildFile; fileRef = FBD9C5961CCA41D800CF83A5 /* orange2.png */; };
		FBD9C5A61CCA41D800CF83A5 /* orange3.png in Resources */ = {isa = PBXBuildFile; fileRef = FBD9C5971CCA41D800CF83A5 /* orange3.png */; };
		FBD9C5A71CCA41D800CF83A5 /* pink1.png in Resources */ = {isa = PBXBuildFile; fileRef = FBD9C5981CCA41D800CF83A5 /* pink1.png */; };
		FBD9C5A81CCA41D800CF83A5 /* pink2.png in Resources */ = {isa = PBXBuildFile; fileRef = FBD9C5991CCA41D800CF83A5 /* pink2.png */; };
		FBD9C5A91CCA41D800CF83A5 /* pink3.png in Resources */ = {isa = PBXBuildFile; fileRef = FBD9C59A1CCA41D800CF83A5 /* pink3.png */; };
		FBD9C5AA1CCA41D800CF83A5 /* red1.png in Resources */ = {isa = PBXBuildFile; fileRef = FBD9C59B1CCA41D800CF83A5 /* red1.png */; };
		FBD9C5AB1CCA41D800CF83A5 /* red2.png in Resources */ = {isa = PBXBuildFile; fileRef = FBD9C59C1CCA41D800CF83A5 /* red2.png */; };
		FBD9C5AC1CCA41D800CF83A5 /* red3.png in Resources */ = {isa = PBXBuildFile; fileRef = FBD9C59D1CCA41D800CF83A5 /* red3.png */; };
		FBD9C5B01CCA446500CF83A5 /* darkblue1.png in Resources */ = {isa = PBXBuildFile; fileRef = FBD9C5AD1CCA446500CF83A5 /* darkblue1.png */; };
		FBD9C5B11CCA446500CF83A5 /* darkblue2.png in Resources */ = {isa = PBXBuildFile; fileRef = FBD9C5AE1CCA446500CF83A5 /* darkblue2.png */; };
		FBD9C5B21CCA446500CF83A5 /* darkblue3.png in Resources */ = {isa = PBXBuildFile; fileRef = FBD9C5AF1CCA446500CF83A5 /* darkblue3.png */; };
		FBD9C5B61CCA48D500CF83A5 /* gear1.png in Resources */ = {isa = PBXBuildFile; fileRef = FBD9C5B31CCA48D500CF83A5 /* gear1.png */; };
		FBD9C5B71CCA48D500CF83A5 /* gear2.png in Resources */ = {isa = PBXBuildFile; fileRef = FBD9C5B41CCA48D500CF83A5 /* gear2.png */; };
		FBD9C5B81CCA48D500CF83A5 /* gear3.png in Resources */ = {isa = PBXBuildFile; fileRef = FBD9C5B51CCA48D500CF83A5 /* gear3.png */; };
/* End PBXBuildFile section */

/* Begin PBXContainerItemProxy section */
		FBB7EEA21CC7BBC700A2116C /* PBXContainerItemProxy */ = {
			isa = PBXContainerItemProxy;
			containerPortal = FBB7EE821CC7BBC600A2116C /* Project object */;
			proxyType = 1;
			remoteGlobalIDString = FBB7EE891CC7BBC600A2116C;
			remoteInfo = 3dtones;
		};
		FBB7EEAD1CC7BBC700A2116C /* PBXContainerItemProxy */ = {
			isa = PBXContainerItemProxy;
			containerPortal = FBB7EE821CC7BBC600A2116C /* Project object */;
			proxyType = 1;
			remoteGlobalIDString = FBB7EE891CC7BBC600A2116C;
			remoteInfo = 3dtones;
		};
/* End PBXContainerItemProxy section */

/* Begin PBXFileReference section */
		FB0B59251CC7E25C00C4A9AA /* black.jpg */ = {isa = PBXFileReference; lastKnownFileType = image.jpeg; name = black.jpg; path = ../../Downloads/SwiftPiano/image/black.jpg; sourceTree = "<group>"; };
		FB0B59261CC7E25C00C4A9AA /* white.jpg */ = {isa = PBXFileReference; lastKnownFileType = image.jpeg; name = white.jpg; path = ../../Downloads/SwiftPiano/image/white.jpg; sourceTree = "<group>"; };
		FB119E561CC95F7700B0A6C7 /* Main.storyboard */ = {isa = PBXFileReference; fileEncoding = 4; lastKnownFileType = file.storyboard; path = Main.storyboard; sourceTree = "<group>"; };
		FBB7EE8A1CC7BBC600A2116C /* 3dtones.app */ = {isa = PBXFileReference; explicitFileType = wrapper.application; includeInIndex = 0; path = 3dtones.app; sourceTree = BUILT_PRODUCTS_DIR; };
		FBB7EE8D1CC7BBC700A2116C /* AppDelegate.swift */ = {isa = PBXFileReference; lastKnownFileType = sourcecode.swift; path = AppDelegate.swift; sourceTree = "<group>"; };
		FBB7EE8F1CC7BBC700A2116C /* ViewController.swift */ = {isa = PBXFileReference; lastKnownFileType = sourcecode.swift; path = ViewController.swift; sourceTree = "<group>"; };
		FBB7EE921CC7BBC700A2116C /* Base */ = {isa = PBXFileReference; lastKnownFileType = file.storyboard; name = Base; path = Base.lproj/Main.storyboard; sourceTree = "<group>"; };
		FBB7EE951CC7BBC700A2116C /* _dtones.xcdatamodel */ = {isa = PBXFileReference; lastKnownFileType = wrapper.xcdatamodel; path = _dtones.xcdatamodel; sourceTree = "<group>"; };
		FBB7EE971CC7BBC700A2116C /* Assets.xcassets */ = {isa = PBXFileReference; lastKnownFileType = folder.assetcatalog; path = Assets.xcassets; sourceTree = "<group>"; };
		FBB7EE9A1CC7BBC700A2116C /* Base */ = {isa = PBXFileReference; lastKnownFileType = file.storyboard; name = Base; path = Base.lproj/LaunchScreen.storyboard; sourceTree = "<group>"; };
		FBB7EE9C1CC7BBC700A2116C /* Info.plist */ = {isa = PBXFileReference; lastKnownFileType = text.plist.xml; path = Info.plist; sourceTree = "<group>"; };
		FBB7EEA11CC7BBC700A2116C /* 3dtonesTests.xctest */ = {isa = PBXFileReference; explicitFileType = wrapper.cfbundle; includeInIndex = 0; path = 3dtonesTests.xctest; sourceTree = BUILT_PRODUCTS_DIR; };
		FBB7EEA51CC7BBC700A2116C /* _dtonesTests.swift */ = {isa = PBXFileReference; lastKnownFileType = sourcecode.swift; path = _dtonesTests.swift; sourceTree = "<group>"; };
		FBB7EEA71CC7BBC700A2116C /* Info.plist */ = {isa = PBXFileReference; lastKnownFileType = text.plist.xml; path = Info.plist; sourceTree = "<group>"; };
		FBB7EEAC1CC7BBC700A2116C /* 3dtonesUITests.xctest */ = {isa = PBXFileReference; explicitFileType = wrapper.cfbundle; includeInIndex = 0; path = 3dtonesUITests.xctest; sourceTree = BUILT_PRODUCTS_DIR; };
		FBB7EEB01CC7BBC700A2116C /* _dtonesUITests.swift */ = {isa = PBXFileReference; lastKnownFileType = sourcecode.swift; path = _dtonesUITests.swift; sourceTree = "<group>"; };
		FBB7EEB21CC7BBC700A2116C /* Info.plist */ = {isa = PBXFileReference; lastKnownFileType = text.plist.xml; path = Info.plist; sourceTree = "<group>"; };
		FBC114A41CCA5174003E9BC7 /* aboutme1.png */ = {isa = PBXFileReference; lastKnownFileType = image.png; name = aboutme1.png; path = images/aboutme1.png; sourceTree = "<group>"; };
		FBC114A51CCA5174003E9BC7 /* aboutme2.png */ = {isa = PBXFileReference; lastKnownFileType = image.png; name = aboutme2.png; path = images/aboutme2.png; sourceTree = "<group>"; };
		FBC114A61CCA5174003E9BC7 /* aboutme3.png */ = {isa = PBXFileReference; lastKnownFileType = image.png; name = aboutme3.png; path = images/aboutme3.png; sourceTree = "<group>"; };
		FBC114AA1CCA549F003E9BC7 /* icon1.png */ = {isa = PBXFileReference; lastKnownFileType = image.png; name = icon1.png; path = images/icon1.png; sourceTree = "<group>"; };
		FBC114AB1CCA549F003E9BC7 /* icon2.png */ = {isa = PBXFileReference; lastKnownFileType = image.png; name = icon2.png; path = images/icon2.png; sourceTree = "<group>"; };
		FBC114AC1CCA549F003E9BC7 /* icon3.png */ = {isa = PBXFileReference; lastKnownFileType = image.png; name = icon3.png; path = images/icon3.png; sourceTree = "<group>"; };
		FBC114B01CCA58D5003E9BC7 /* info1.png */ = {isa = PBXFileReference; lastKnownFileType = image.png; name = info1.png; path = images/info1.png; sourceTree = "<group>"; };
		FBC114B11CCA58D5003E9BC7 /* info2.png */ = {isa = PBXFileReference; lastKnownFileType = image.png; name = info2.png; path = images/info2.png; sourceTree = "<group>"; };
		FBC114B21CCA58D5003E9BC7 /* info3.png */ = {isa = PBXFileReference; lastKnownFileType = image.png; name = info3.png; path = images/info3.png; sourceTree = "<group>"; };
		FBC114B61CCA6021003E9BC7 /* twitter1.png */ = {isa = PBXFileReference; lastKnownFileType = image.png; name = twitter1.png; path = images/twitter1.png; sourceTree = "<group>"; };
		FBC114B71CCA6021003E9BC7 /* twitter2.png */ = {isa = PBXFileReference; lastKnownFileType = image.png; name = twitter2.png; path = images/twitter2.png; sourceTree = "<group>"; };
		FBC114B81CCA6021003E9BC7 /* twitter3.png */ = {isa = PBXFileReference; lastKnownFileType = image.png; name = twitter3.png; path = images/twitter3.png; sourceTree = "<group>"; };
		FBC114BC1CCA6144003E9BC7 /* github1.png */ = {isa = PBXFileReference; lastKnownFileType = image.png; name = github1.png; path = images/github1.png; sourceTree = "<group>"; };
		FBC114BD1CCA6144003E9BC7 /* github2.png */ = {isa = PBXFileReference; lastKnownFileType = image.png; name = github2.png; path = images/github2.png; sourceTree = "<group>"; };
		FBC114BE1CCA6144003E9BC7 /* github3.png */ = {isa = PBXFileReference; lastKnownFileType = image.png; name = github3.png; path = images/github3.png; sourceTree = "<group>"; };
		FBC114C21CCA6219003E9BC7 /* back1.png */ = {isa = PBXFileReference; lastKnownFileType = image.png; name = back1.png; path = images/back1.png; sourceTree = "<group>"; };
		FBC114C31CCA6219003E9BC7 /* back2.png */ = {isa = PBXFileReference; lastKnownFileType = image.png; name = back2.png; path = images/back2.png; sourceTree = "<group>"; };
		FBC114C41CCA6219003E9BC7 /* back3.png */ = {isa = PBXFileReference; lastKnownFileType = image.png; name = back3.png; path = images/back3.png; sourceTree = "<group>"; };
		FBC114C81CCA6BF6003E9BC7 /* piano1.png */ = {isa = PBXFileReference; lastKnownFileType = image.png; name = piano1.png; path = images/piano1.png; sourceTree = "<group>"; };
		FBC114C91CCA6BF6003E9BC7 /* piano2.png */ = {isa = PBXFileReference; lastKnownFileType = image.png; name = piano2.png; path = images/piano2.png; sourceTree = "<group>"; };
		FBC114CA1CCA6BF6003E9BC7 /* piano3.png */ = {isa = PBXFileReference; lastKnownFileType = image.png; name = piano3.png; path = images/piano3.png; sourceTree = "<group>"; };
		FBC114CE1CCA6D80003E9BC7 /* flute1.png */ = {isa = PBXFileReference; lastKnownFileType = image.png; name = flute1.png; path = images/flute1.png; sourceTree = "<group>"; };
		FBC114CF1CCA6D80003E9BC7 /* flute2.png */ = {isa = PBXFileReference; lastKnownFileType = image.png; name = flute2.png; path = images/flute2.png; sourceTree = "<group>"; };
		FBC114D01CCA6D80003E9BC7 /* flute3.png */ = {isa = PBXFileReference; lastKnownFileType = image.png; name = flute3.png; path = images/flute3.png; sourceTree = "<group>"; };
		FBC114D41CCA6E24003E9BC7 /* violin1.png */ = {isa = PBXFileReference; lastKnownFileType = image.png; name = violin1.png; path = images/violin1.png; sourceTree = "<group>"; };
		FBC114D51CCA6E24003E9BC7 /* violin2.png */ = {isa = PBXFileReference; lastKnownFileType = image.png; name = violin2.png; path = images/violin2.png; sourceTree = "<group>"; };
		FBC114D61CCA6E24003E9BC7 /* violin3.png */ = {isa = PBXFileReference; lastKnownFileType = image.png; name = violin3.png; path = images/violin3.png; sourceTree = "<group>"; };
		FBD9C3D11CCA41AF00CF83A5 /* Piano.mf.A1.aiff */ = {isa = PBXFileReference; lastKnownFileType = audio.aiff; name = Piano.mf.A1.aiff; path = sounds/Piano.mf.A1.aiff; sourceTree = "<group>"; };
		FBD9C3D21CCA41AF00CF83A5 /* Piano.mf.A2.aiff */ = {isa = PBXFileReference; lastKnownFileType = audio.aiff; name = Piano.mf.A2.aiff; path = sounds/Piano.mf.A2.aiff; sourceTree = "<group>"; };
		FBD9C3D31CCA41AF00CF83A5 /* Piano.mf.A3.aiff */ = {isa = PBXFileReference; lastKnownFileType = audio.aiff; name = Piano.mf.A3.aiff; path = sounds/Piano.mf.A3.aiff; sourceTree = "<group>"; };
		FBD9C3D41CCA41AF00CF83A5 /* Piano.mf.A4.aiff */ = {isa = PBXFileReference; lastKnownFileType = audio.aiff; name = Piano.mf.A4.aiff; path = sounds/Piano.mf.A4.aiff; sourceTree = "<group>"; };
		FBD9C3D51CCA41AF00CF83A5 /* Piano.mf.A5.aiff */ = {isa = PBXFileReference; lastKnownFileType = audio.aiff; name = Piano.mf.A5.aiff; path = sounds/Piano.mf.A5.aiff; sourceTree = "<group>"; };
		FBD9C3D61CCA41AF00CF83A5 /* Piano.mf.A6.aiff */ = {isa = PBXFileReference; lastKnownFileType = audio.aiff; name = Piano.mf.A6.aiff; path = sounds/Piano.mf.A6.aiff; sourceTree = "<group>"; };
		FBD9C3D71CCA41AF00CF83A5 /* Piano.mf.A7.aiff */ = {isa = PBXFileReference; lastKnownFileType = audio.aiff; name = Piano.mf.A7.aiff; path = sounds/Piano.mf.A7.aiff; sourceTree = "<group>"; };
		FBD9C3D81CCA41AF00CF83A5 /* Piano.mf.Ab1.aiff */ = {isa = PBXFileReference; lastKnownFileType = audio.aiff; name = Piano.mf.Ab1.aiff; path = sounds/Piano.mf.Ab1.aiff; sourceTree = "<group>"; };
		FBD9C3D91CCA41AF00CF83A5 /* Piano.mf.Ab2.aiff */ = {isa = PBXFileReference; lastKnownFileType = audio.aiff; name = Piano.mf.Ab2.aiff; path = sounds/Piano.mf.Ab2.aiff; sourceTree = "<group>"; };
		FBD9C3DA1CCA41AF00CF83A5 /* Piano.mf.Ab3.aiff */ = {isa = PBXFileReference; lastKnownFileType = audio.aiff; name = Piano.mf.Ab3.aiff; path = sounds/Piano.mf.Ab3.aiff; sourceTree = "<group>"; };
		FBD9C3DB1CCA41AF00CF83A5 /* Piano.mf.Ab4.aiff */ = {isa = PBXFileReference; lastKnownFileType = audio.aiff; name = Piano.mf.Ab4.aiff; path = sounds/Piano.mf.Ab4.aiff; sourceTree = "<group>"; };
		FBD9C3DC1CCA41AF00CF83A5 /* Piano.mf.Ab5.aiff */ = {isa = PBXFileReference; lastKnownFileType = audio.aiff; name = Piano.mf.Ab5.aiff; path = sounds/Piano.mf.Ab5.aiff; sourceTree = "<group>"; };
		FBD9C3DD1CCA41AF00CF83A5 /* Piano.mf.Ab6.aiff */ = {isa = PBXFileReference; lastKnownFileType = audio.aiff; name = Piano.mf.Ab6.aiff; path = sounds/Piano.mf.Ab6.aiff; sourceTree = "<group>"; };
		FBD9C3DE1CCA41AF00CF83A5 /* Piano.mf.Ab7.aiff */ = {isa = PBXFileReference; lastKnownFileType = audio.aiff; name = Piano.mf.Ab7.aiff; path = sounds/Piano.mf.Ab7.aiff; sourceTree = "<group>"; };
		FBD9C3DF1CCA41AF00CF83A5 /* Piano.mf.B0.aiff */ = {isa = PBXFileReference; lastKnownFileType = audio.aiff; name = Piano.mf.B0.aiff; path = sounds/Piano.mf.B0.aiff; sourceTree = "<group>"; };
		FBD9C3E01CCA41AF00CF83A5 /* Piano.mf.B1.aiff */ = {isa = PBXFileReference; lastKnownFileType = audio.aiff; name = Piano.mf.B1.aiff; path = sounds/Piano.mf.B1.aiff; sourceTree = "<group>"; };
		FBD9C3E11CCA41AF00CF83A5 /* Piano.mf.B2.aiff */ = {isa = PBXFileReference; lastKnownFileType = audio.aiff; name = Piano.mf.B2.aiff; path = sounds/Piano.mf.B2.aiff; sourceTree = "<group>"; };
		FBD9C3E21CCA41AF00CF83A5 /* Piano.mf.B3.aiff */ = {isa = PBXFileReference; lastKnownFileType = audio.aiff; name = Piano.mf.B3.aiff; path = sounds/Piano.mf.B3.aiff; sourceTree = "<group>"; };
		FBD9C3E31CCA41AF00CF83A5 /* Piano.mf.B4.aiff */ = {isa = PBXFileReference; lastKnownFileType = audio.aiff; name = Piano.mf.B4.aiff; path = sounds/Piano.mf.B4.aiff; sourceTree = "<group>"; };
		FBD9C3E41CCA41AF00CF83A5 /* Piano.mf.B5.aiff */ = {isa = PBXFileReference; lastKnownFileType = audio.aiff; name = Piano.mf.B5.aiff; path = sounds/Piano.mf.B5.aiff; sourceTree = "<group>"; };
		FBD9C3E51CCA41AF00CF83A5 /* Piano.mf.B6.aiff */ = {isa = PBXFileReference; lastKnownFileType = audio.aiff; name = Piano.mf.B6.aiff; path = sounds/Piano.mf.B6.aiff; sourceTree = "<group>"; };
		FBD9C3E61CCA41AF00CF83A5 /* Piano.mf.B7.aiff */ = {isa = PBXFileReference; lastKnownFileType = audio.aiff; name = Piano.mf.B7.aiff; path = sounds/Piano.mf.B7.aiff; sourceTree = "<group>"; };
		FBD9C3E71CCA41AF00CF83A5 /* Piano.mf.Bb1.aiff */ = {isa = PBXFileReference; lastKnownFileType = audio.aiff; name = Piano.mf.Bb1.aiff; path = sounds/Piano.mf.Bb1.aiff; sourceTree = "<group>"; };
		FBD9C3E81CCA41AF00CF83A5 /* Piano.mf.Bb2.aiff */ = {isa = PBXFileReference; lastKnownFileType = audio.aiff; name = Piano.mf.Bb2.aiff; path = sounds/Piano.mf.Bb2.aiff; sourceTree = "<group>"; };
		FBD9C3E91CCA41AF00CF83A5 /* Piano.mf.Bb3.aiff */ = {isa = PBXFileReference; lastKnownFileType = audio.aiff; name = Piano.mf.Bb3.aiff; path = sounds/Piano.mf.Bb3.aiff; sourceTree = "<group>"; };
		FBD9C3EA1CCA41AF00CF83A5 /* Piano.mf.Bb4.aiff */ = {isa = PBXFileReference; lastKnownFileType = audio.aiff; name = Piano.mf.Bb4.aiff; path = sounds/Piano.mf.Bb4.aiff; sourceTree = "<group>"; };
		FBD9C3EB1CCA41AF00CF83A5 /* Piano.mf.Bb5.aiff */ = {isa = PBXFileReference; lastKnownFileType = audio.aiff; name = Piano.mf.Bb5.aiff; path = sounds/Piano.mf.Bb5.aiff; sourceTree = "<group>"; };
		FBD9C3EC1CCA41AF00CF83A5 /* Piano.mf.Bb6.aiff */ = {isa = PBXFileReference; lastKnownFileType = audio.aiff; name = Piano.mf.Bb6.aiff; path = sounds/Piano.mf.Bb6.aiff; sourceTree = "<group>"; };
		FBD9C3ED1CCA41AF00CF83A5 /* Piano.mf.Bb7.aiff */ = {isa = PBXFileReference; lastKnownFileType = audio.aiff; name = Piano.mf.Bb7.aiff; path = sounds/Piano.mf.Bb7.aiff; sourceTree = "<group>"; };
		FBD9C3EE1CCA41AF00CF83A5 /* Piano.mf.C1.aiff */ = {isa = PBXFileReference; lastKnownFileType = audio.aiff; name = Piano.mf.C1.aiff; path = sounds/Piano.mf.C1.aiff; sourceTree = "<group>"; };
		FBD9C3EF1CCA41AF00CF83A5 /* Piano.mf.C2.aiff */ = {isa = PBXFileReference; lastKnownFileType = audio.aiff; name = Piano.mf.C2.aiff; path = sounds/Piano.mf.C2.aiff; sourceTree = "<group>"; };
		FBD9C3F01CCA41AF00CF83A5 /* Piano.mf.C3.aiff */ = {isa = PBXFileReference; lastKnownFileType = audio.aiff; name = Piano.mf.C3.aiff; path = sounds/Piano.mf.C3.aiff; sourceTree = "<group>"; };
		FBD9C3F11CCA41AF00CF83A5 /* Piano.mf.C4.aiff */ = {isa = PBXFileReference; lastKnownFileType = audio.aiff; name = Piano.mf.C4.aiff; path = sounds/Piano.mf.C4.aiff; sourceTree = "<group>"; };
		FBD9C3F21CCA41AF00CF83A5 /* Piano.mf.C5.aiff */ = {isa = PBXFileReference; lastKnownFileType = audio.aiff; name = Piano.mf.C5.aiff; path = sounds/Piano.mf.C5.aiff; sourceTree = "<group>"; };
		FBD9C3F31CCA41AF00CF83A5 /* Piano.mf.C6.aiff */ = {isa = PBXFileReference; lastKnownFileType = audio.aiff; name = Piano.mf.C6.aiff; path = sounds/Piano.mf.C6.aiff; sourceTree = "<group>"; };
		FBD9C3F41CCA41AF00CF83A5 /* Piano.mf.C7.aiff */ = {isa = PBXFileReference; lastKnownFileType = audio.aiff; name = Piano.mf.C7.aiff; path = sounds/Piano.mf.C7.aiff; sourceTree = "<group>"; };
		FBD9C3F51CCA41AF00CF83A5 /* Piano.mf.C8.aiff */ = {isa = PBXFileReference; lastKnownFileType = audio.aiff; name = Piano.mf.C8.aiff; path = sounds/Piano.mf.C8.aiff; sourceTree = "<group>"; };
		FBD9C3F61CCA41AF00CF83A5 /* Piano.mf.D1.1.aiff */ = {isa = PBXFileReference; lastKnownFileType = audio.aiff; name = Piano.mf.D1.1.aiff; path = sounds/Piano.mf.D1.1.aiff; sourceTree = "<group>"; };
		FBD9C3F71CCA41AF00CF83A5 /* Piano.mf.D1.aiff */ = {isa = PBXFileReference; lastKnownFileType = audio.aiff; name = Piano.mf.D1.aiff; path = sounds/Piano.mf.D1.aiff; sourceTree = "<group>"; };
		FBD9C3F81CCA41AF00CF83A5 /* Piano.mf.D2.aiff */ = {isa = PBXFileReference; lastKnownFileType = audio.aiff; name = Piano.mf.D2.aiff; path = sounds/Piano.mf.D2.aiff; sourceTree = "<group>"; };
		FBD9C3F91CCA41AF00CF83A5 /* Piano.mf.D3.aiff */ = {isa = PBXFileReference; lastKnownFileType = audio.aiff; name = Piano.mf.D3.aiff; path = sounds/Piano.mf.D3.aiff; sourceTree = "<group>"; };
		FBD9C3FA1CCA41AF00CF83A5 /* Piano.mf.D4.aiff */ = {isa = PBXFileReference; lastKnownFileType = audio.aiff; name = Piano.mf.D4.aiff; path = sounds/Piano.mf.D4.aiff; sourceTree = "<group>"; };
		FBD9C3FB1CCA41AF00CF83A5 /* Piano.mf.D5.aiff */ = {isa = PBXFileReference; lastKnownFileType = audio.aiff; name = Piano.mf.D5.aiff; path = sounds/Piano.mf.D5.aiff; sourceTree = "<group>"; };
		FBD9C3FC1CCA41AF00CF83A5 /* Piano.mf.D6.aiff */ = {isa = PBXFileReference; lastKnownFileType = audio.aiff; name = Piano.mf.D6.aiff; path = sounds/Piano.mf.D6.aiff; sourceTree = "<group>"; };
		FBD9C3FD1CCA41AF00CF83A5 /* Piano.mf.D7.aiff */ = {isa = PBXFileReference; lastKnownFileType = audio.aiff; name = Piano.mf.D7.aiff; path = sounds/Piano.mf.D7.aiff; sourceTree = "<group>"; };
		FBD9C3FE1CCA41AF00CF83A5 /* Piano.mf.Db1.1.aiff */ = {isa = PBXFileReference; lastKnownFileType = audio.aiff; name = Piano.mf.Db1.1.aiff; path = sounds/Piano.mf.Db1.1.aiff; sourceTree = "<group>"; };
		FBD9C3FF1CCA41AF00CF83A5 /* Piano.mf.Db1.aiff */ = {isa = PBXFileReference; lastKnownFileType = audio.aiff; name = Piano.mf.Db1.aiff; path = sounds/Piano.mf.Db1.aiff; sourceTree = "<group>"; };
		FBD9C4001CCA41AF00CF83A5 /* Piano.mf.Db2.aiff */ = {isa = PBXFileReference; lastKnownFileType = audio.aiff; name = Piano.mf.Db2.aiff; path = sounds/Piano.mf.Db2.aiff; sourceTree = "<group>"; };
		FBD9C4011CCA41AF00CF83A5 /* Piano.mf.Db3.aiff */ = {isa = PBXFileReference; lastKnownFileType = audio.aiff; name = Piano.mf.Db3.aiff; path = sounds/Piano.mf.Db3.aiff; sourceTree = "<group>"; };
		FBD9C4021CCA41AF00CF83A5 /* Piano.mf.Db4.aiff */ = {isa = PBXFileReference; lastKnownFileType = audio.aiff; name = Piano.mf.Db4.aiff; path = sounds/Piano.mf.Db4.aiff; sourceTree = "<group>"; };
		FBD9C4031CCA41AF00CF83A5 /* Piano.mf.Db5.aiff */ = {isa = PBXFileReference; lastKnownFileType = audio.aiff; name = Piano.mf.Db5.aiff; path = sounds/Piano.mf.Db5.aiff; sourceTree = "<group>"; };
		FBD9C4041CCA41AF00CF83A5 /* Piano.mf.Db6.aiff */ = {isa = PBXFileReference; lastKnownFileType = audio.aiff; name = Piano.mf.Db6.aiff; path = sounds/Piano.mf.Db6.aiff; sourceTree = "<group>"; };
		FBD9C4051CCA41AF00CF83A5 /* Piano.mf.Db7.aiff */ = {isa = PBXFileReference; lastKnownFileType = audio.aiff; name = Piano.mf.Db7.aiff; path = sounds/Piano.mf.Db7.aiff; sourceTree = "<group>"; };
		FBD9C4061CCA41AF00CF83A5 /* Piano.mf.E1.1.aiff */ = {isa = PBXFileReference; lastKnownFileType = audio.aiff; name = Piano.mf.E1.1.aiff; path = sounds/Piano.mf.E1.1.aiff; sourceTree = "<group>"; };
		FBD9C4071CCA41AF00CF83A5 /* Piano.mf.E1.aiff */ = {isa = PBXFileReference; lastKnownFileType = audio.aiff; name = Piano.mf.E1.aiff; path = sounds/Piano.mf.E1.aiff; sourceTree = "<group>"; };
		FBD9C4081CCA41AF00CF83A5 /* Piano.mf.E2.aiff */ = {isa = PBXFileReference; lastKnownFileType = audio.aiff; name = Piano.mf.E2.aiff; path = sounds/Piano.mf.E2.aiff; sourceTree = "<group>"; };
		FBD9C4091CCA41AF00CF83A5 /* Piano.mf.E3.aiff */ = {isa = PBXFileReference; lastKnownFileType = audio.aiff; name = Piano.mf.E3.aiff; path = sounds/Piano.mf.E3.aiff; sourceTree = "<group>"; };
		FBD9C40A1CCA41AF00CF83A5 /* Piano.mf.E4.aiff */ = {isa = PBXFileReference; lastKnownFileType = audio.aiff; name = Piano.mf.E4.aiff; path = sounds/Piano.mf.E4.aiff; sourceTree = "<group>"; };
		FBD9C40B1CCA41AF00CF83A5 /* Piano.mf.E5.aiff */ = {isa = PBXFileReference; lastKnownFileType = audio.aiff; name = Piano.mf.E5.aiff; path = sounds/Piano.mf.E5.aiff; sourceTree = "<group>"; };
		FBD9C40C1CCA41AF00CF83A5 /* Piano.mf.E6.aiff */ = {isa = PBXFileReference; lastKnownFileType = audio.aiff; name = Piano.mf.E6.aiff; path = sounds/Piano.mf.E6.aiff; sourceTree = "<group>"; };
		FBD9C40D1CCA41AF00CF83A5 /* Piano.mf.E7.aiff */ = {isa = PBXFileReference; lastKnownFileType = audio.aiff; name = Piano.mf.E7.aiff; path = sounds/Piano.mf.E7.aiff; sourceTree = "<group>"; };
		FBD9C40E1CCA41AF00CF83A5 /* Piano.mf.Eb1.aiff */ = {isa = PBXFileReference; lastKnownFileType = audio.aiff; name = Piano.mf.Eb1.aiff; path = sounds/Piano.mf.Eb1.aiff; sourceTree = "<group>"; };
		FBD9C40F1CCA41AF00CF83A5 /* Piano.mf.Eb2.aiff */ = {isa = PBXFileReference; lastKnownFileType = audio.aiff; name = Piano.mf.Eb2.aiff; path = sounds/Piano.mf.Eb2.aiff; sourceTree = "<group>"; };
		FBD9C4101CCA41AF00CF83A5 /* Piano.mf.Eb3.aiff */ = {isa = PBXFileReference; lastKnownFileType = audio.aiff; name = Piano.mf.Eb3.aiff; path = sounds/Piano.mf.Eb3.aiff; sourceTree = "<group>"; };
		FBD9C4111CCA41AF00CF83A5 /* Piano.mf.Eb4.aiff */ = {isa = PBXFileReference; lastKnownFileType = audio.aiff; name = Piano.mf.Eb4.aiff; path = sounds/Piano.mf.Eb4.aiff; sourceTree = "<group>"; };
		FBD9C4121CCA41AF00CF83A5 /* Piano.mf.Eb5.aiff */ = {isa = PBXFileReference; lastKnownFileType = audio.aiff; name = Piano.mf.Eb5.aiff; path = sounds/Piano.mf.Eb5.aiff; sourceTree = "<group>"; };
		FBD9C4131CCA41AF00CF83A5 /* Piano.mf.Eb6.aiff */ = {isa = PBXFileReference; lastKnownFileType = audio.aiff; name = Piano.mf.Eb6.aiff; path = sounds/Piano.mf.Eb6.aiff; sourceTree = "<group>"; };
		FBD9C4141CCA41AF00CF83A5 /* Piano.mf.Eb7.aiff */ = {isa = PBXFileReference; lastKnownFileType = audio.aiff; name = Piano.mf.Eb7.aiff; path = sounds/Piano.mf.Eb7.aiff; sourceTree = "<group>"; };
		FBD9C4151CCA41AF00CF83A5 /* Piano.mf.F1.aiff */ = {isa = PBXFileReference; lastKnownFileType = audio.aiff; name = Piano.mf.F1.aiff; path = sounds/Piano.mf.F1.aiff; sourceTree = "<group>"; };
		FBD9C4161CCA41AF00CF83A5 /* Piano.mf.F2.aiff */ = {isa = PBXFileReference; lastKnownFileType = audio.aiff; name = Piano.mf.F2.aiff; path = sounds/Piano.mf.F2.aiff; sourceTree = "<group>"; };
		FBD9C4171CCA41AF00CF83A5 /* Piano.mf.F3.aiff */ = {isa = PBXFileReference; lastKnownFileType = audio.aiff; name = Piano.mf.F3.aiff; path = sounds/Piano.mf.F3.aiff; sourceTree = "<group>"; };
		FBD9C4181CCA41AF00CF83A5 /* Piano.mf.F4.aiff */ = {isa = PBXFileReference; lastKnownFileType = audio.aiff; name = Piano.mf.F4.aiff; path = sounds/Piano.mf.F4.aiff; sourceTree = "<group>"; };
		FBD9C4191CCA41AF00CF83A5 /* Piano.mf.F5.aiff */ = {isa = PBXFileReference; lastKnownFileType = audio.aiff; name = Piano.mf.F5.aiff; path = sounds/Piano.mf.F5.aiff; sourceTree = "<group>"; };
		FBD9C41A1CCA41AF00CF83A5 /* Piano.mf.F6.aiff */ = {isa = PBXFileReference; lastKnownFileType = audio.aiff; name = Piano.mf.F6.aiff; path = sounds/Piano.mf.F6.aiff; sourceTree = "<group>"; };
		FBD9C41B1CCA41AF00CF83A5 /* Piano.mf.F7.aiff */ = {isa = PBXFileReference; lastKnownFileType = audio.aiff; name = Piano.mf.F7.aiff; path = sounds/Piano.mf.F7.aiff; sourceTree = "<group>"; };
		FBD9C41C1CCA41AF00CF83A5 /* Piano.mf.G1.aiff */ = {isa = PBXFileReference; lastKnownFileType = audio.aiff; name = Piano.mf.G1.aiff; path = sounds/Piano.mf.G1.aiff; sourceTree = "<group>"; };
		FBD9C41D1CCA41AF00CF83A5 /* Piano.mf.G2.aiff */ = {isa = PBXFileReference; lastKnownFileType = audio.aiff; name = Piano.mf.G2.aiff; path = sounds/Piano.mf.G2.aiff; sourceTree = "<group>"; };
		FBD9C41E1CCA41AF00CF83A5 /* Piano.mf.G3.aiff */ = {isa = PBXFileReference; lastKnownFileType = audio.aiff; name = Piano.mf.G3.aiff; path = sounds/Piano.mf.G3.aiff; sourceTree = "<group>"; };
		FBD9C41F1CCA41AF00CF83A5 /* Piano.mf.G4.aiff */ = {isa = PBXFileReference; lastKnownFileType = audio.aiff; name = Piano.mf.G4.aiff; path = sounds/Piano.mf.G4.aiff; sourceTree = "<group>"; };
		FBD9C4201CCA41AF00CF83A5 /* Piano.mf.G5.aiff */ = {isa = PBXFileReference; lastKnownFileType = audio.aiff; name = Piano.mf.G5.aiff; path = sounds/Piano.mf.G5.aiff; sourceTree = "<group>"; };
		FBD9C4211CCA41AF00CF83A5 /* Piano.mf.G6.aiff */ = {isa = PBXFileReference; lastKnownFileType = audio.aiff; name = Piano.mf.G6.aiff; path = sounds/Piano.mf.G6.aiff; sourceTree = "<group>"; };
		FBD9C4221CCA41AF00CF83A5 /* Piano.mf.G7.aiff */ = {isa = PBXFileReference; lastKnownFileType = audio.aiff; name = Piano.mf.G7.aiff; path = sounds/Piano.mf.G7.aiff; sourceTree = "<group>"; };
		FBD9C4231CCA41AF00CF83A5 /* Piano.mf.Gb1.aiff */ = {isa = PBXFileReference; lastKnownFileType = audio.aiff; name = Piano.mf.Gb1.aiff; path = sounds/Piano.mf.Gb1.aiff; sourceTree = "<group>"; };
		FBD9C4241CCA41AF00CF83A5 /* Piano.mf.Gb2.aiff */ = {isa = PBXFileReference; lastKnownFileType = audio.aiff; name = Piano.mf.Gb2.aiff; path = sounds/Piano.mf.Gb2.aiff; sourceTree = "<group>"; };
		FBD9C4251CCA41AF00CF83A5 /* Piano.mf.Gb3.aiff */ = {isa = PBXFileReference; lastKnownFileType = audio.aiff; name = Piano.mf.Gb3.aiff; path = sounds/Piano.mf.Gb3.aiff; sourceTree = "<group>"; };
		FBD9C4261CCA41AF00CF83A5 /* Piano.mf.Gb4.aiff */ = {isa = PBXFileReference; lastKnownFileType = audio.aiff; name = Piano.mf.Gb4.aiff; path = sounds/Piano.mf.Gb4.aiff; sourceTree = "<group>"; };
		FBD9C4271CCA41AF00CF83A5 /* Piano.mf.Gb5.aiff */ = {isa = PBXFileReference; lastKnownFileType = audio.aiff; name = Piano.mf.Gb5.aiff; path = sounds/Piano.mf.Gb5.aiff; sourceTree = "<group>"; };
		FBD9C4281CCA41AF00CF83A5 /* Piano.mf.Gb6.aiff */ = {isa = PBXFileReference; lastKnownFileType = audio.aiff; name = Piano.mf.Gb6.aiff; path = sounds/Piano.mf.Gb6.aiff; sourceTree = "<group>"; };
		FBD9C4291CCA41AF00CF83A5 /* Piano.mf.Gb7.aiff */ = {isa = PBXFileReference; lastKnownFileType = audio.aiff; name = Piano.mf.Gb7.aiff; path = sounds/Piano.mf.Gb7.aiff; sourceTree = "<group>"; };
		FBD9C58F1CCA41D800CF83A5 /* blue1.png */ = {isa = PBXFileReference; lastKnownFileType = image.png; name = blue1.png; path = images/blue1.png; sourceTree = "<group>"; };
		FBD9C5901CCA41D800CF83A5 /* blue2.png */ = {isa = PBXFileReference; lastKnownFileType = image.png; name = blue2.png; path = images/blue2.png; sourceTree = "<group>"; };
		FBD9C5911CCA41D800CF83A5 /* blue3.png */ = {isa = PBXFileReference; lastKnownFileType = image.png; name = blue3.png; path = images/blue3.png; sourceTree = "<group>"; };
		FBD9C5921CCA41D800CF83A5 /* grey1.png */ = {isa = PBXFileReference; lastKnownFileType = image.png; name = grey1.png; path = images/grey1.png; sourceTree = "<group>"; };
		FBD9C5931CCA41D800CF83A5 /* grey2.png */ = {isa = PBXFileReference; lastKnownFileType = image.png; name = grey2.png; path = images/grey2.png; sourceTree = "<group>"; };
		FBD9C5941CCA41D800CF83A5 /* grey3.png */ = {isa = PBXFileReference; lastKnownFileType = image.png; name = grey3.png; path = images/grey3.png; sourceTree = "<group>"; };
		FBD9C5951CCA41D800CF83A5 /* orange1.png */ = {isa = PBXFileReference; lastKnownFileType = image.png; name = orange1.png; path = images/orange1.png; sourceTree = "<group>"; };
		FBD9C5961CCA41D800CF83A5 /* orange2.png */ = {isa = PBXFileReference; lastKnownFileType = image.png; name = orange2.png; path = images/orange2.png; sourceTree = "<group>"; };
		FBD9C5971CCA41D800CF83A5 /* orange3.png */ = {isa = PBXFileReference; lastKnownFileType = image.png; name = orange3.png; path = images/orange3.png; sourceTree = "<group>"; };
		FBD9C5981CCA41D800CF83A5 /* pink1.png */ = {isa = PBXFileReference; lastKnownFileType = image.png; name = pink1.png; path = images/pink1.png; sourceTree = "<group>"; };
		FBD9C5991CCA41D800CF83A5 /* pink2.png */ = {isa = PBXFileReference; lastKnownFileType = image.png; name = pink2.png; path = images/pink2.png; sourceTree = "<group>"; };
		FBD9C59A1CCA41D800CF83A5 /* pink3.png */ = {isa = PBXFileReference; lastKnownFileType = image.png; name = pink3.png; path = images/pink3.png; sourceTree = "<group>"; };
		FBD9C59B1CCA41D800CF83A5 /* red1.png */ = {isa = PBXFileReference; lastKnownFileType = image.png; name = red1.png; path = images/red1.png; sourceTree = "<group>"; };
		FBD9C59C1CCA41D800CF83A5 /* red2.png */ = {isa = PBXFileReference; lastKnownFileType = image.png; name = red2.png; path = images/red2.png; sourceTree = "<group>"; };
		FBD9C59D1CCA41D800CF83A5 /* red3.png */ = {isa = PBXFileReference; lastKnownFileType = image.png; name = red3.png; path = images/red3.png; sourceTree = "<group>"; };
		FBD9C5AD1CCA446500CF83A5 /* darkblue1.png */ = {isa = PBXFileReference; lastKnownFileType = image.png; name = darkblue1.png; path = images/darkblue1.png; sourceTree = "<group>"; };
		FBD9C5AE1CCA446500CF83A5 /* darkblue2.png */ = {isa = PBXFileReference; lastKnownFileType = image.png; name = darkblue2.png; path = images/darkblue2.png; sourceTree = "<group>"; };
		FBD9C5AF1CCA446500CF83A5 /* darkblue3.png */ = {isa = PBXFileReference; lastKnownFileType = image.png; name = darkblue3.png; path = images/darkblue3.png; sourceTree = "<group>"; };
		FBD9C5B31CCA48D500CF83A5 /* gear1.png */ = {isa = PBXFileReference; lastKnownFileType = image.png; name = gear1.png; path = images/gear1.png; sourceTree = "<group>"; };
		FBD9C5B41CCA48D500CF83A5 /* gear2.png */ = {isa = PBXFileReference; lastKnownFileType = image.png; name = gear2.png; path = images/gear2.png; sourceTree = "<group>"; };
		FBD9C5B51CCA48D500CF83A5 /* gear3.png */ = {isa = PBXFileReference; lastKnownFileType = image.png; name = gear3.png; path = images/gear3.png; sourceTree = "<group>"; };
/* End PBXFileReference section */

/* Begin PBXFrameworksBuildPhase section */
		FBB7EE871CC7BBC600A2116C /* Frameworks */ = {
			isa = PBXFrameworksBuildPhase;
			buildActionMask = 2147483647;
			files = (
			);
			runOnlyForDeploymentPostprocessing = 0;
		};
		FBB7EE9E1CC7BBC700A2116C /* Frameworks */ = {
			isa = PBXFrameworksBuildPhase;
			buildActionMask = 2147483647;
			files = (
			);
			runOnlyForDeploymentPostprocessing = 0;
		};
		FBB7EEA91CC7BBC700A2116C /* Frameworks */ = {
			isa = PBXFrameworksBuildPhase;
			buildActionMask = 2147483647;
			files = (
			);
			runOnlyForDeploymentPostprocessing = 0;
		};
/* End PBXFrameworksBuildPhase section */

/* Begin PBXGroup section */
		FBB7EE811CC7BBC600A2116C = {
			isa = PBXGroup;
			children = (
				FBB7EE8C1CC7BBC700A2116C /* 3dtones */,
				FBB7EEA41CC7BBC700A2116C /* 3dtonesTests */,
				FBB7EEAF1CC7BBC700A2116C /* 3dtonesUITests */,
				FBB7EE8B1CC7BBC600A2116C /* Products */,
			);
			sourceTree = "<group>";
		};
		FBB7EE8B1CC7BBC600A2116C /* Products */ = {
			isa = PBXGroup;
			children = (
				FBB7EE8A1CC7BBC600A2116C /* 3dtones.app */,
				FBB7EEA11CC7BBC700A2116C /* 3dtonesTests.xctest */,
				FBB7EEAC1CC7BBC700A2116C /* 3dtonesUITests.xctest */,
			);
			name = Products;
			sourceTree = "<group>";
		};
		FBB7EE8C1CC7BBC700A2116C /* 3dtones */ = {
			isa = PBXGroup;
			children = (
				FBD9C58F1CCA41D800CF83A5 /* blue1.png */,
				FBD9C5901CCA41D800CF83A5 /* blue2.png */,
				FBD9C5911CCA41D800CF83A5 /* blue3.png */,
				FBD9C5921CCA41D800CF83A5 /* grey1.png */,
				FBD9C5931CCA41D800CF83A5 /* grey2.png */,
				FBD9C5941CCA41D800CF83A5 /* grey3.png */,
				FBD9C5951CCA41D800CF83A5 /* orange1.png */,
				FBD9C5961CCA41D800CF83A5 /* orange2.png */,
				FBD9C5971CCA41D800CF83A5 /* orange3.png */,
				FBD9C5981CCA41D800CF83A5 /* pink1.png */,
				FBD9C5991CCA41D800CF83A5 /* pink2.png */,
				FBD9C59A1CCA41D800CF83A5 /* pink3.png */,
				FBD9C59B1CCA41D800CF83A5 /* red1.png */,
				FBD9C59C1CCA41D800CF83A5 /* red2.png */,
				FBD9C59D1CCA41D800CF83A5 /* red3.png */,
				FBD9C5AD1CCA446500CF83A5 /* darkblue1.png */,
				FBD9C5AE1CCA446500CF83A5 /* darkblue2.png */,
				FBD9C5AF1CCA446500CF83A5 /* darkblue3.png */,
				FBD9C5B31CCA48D500CF83A5 /* gear1.png */,
				FBD9C5B41CCA48D500CF83A5 /* gear2.png */,
				FBD9C5B51CCA48D500CF83A5 /* gear3.png */,
				FBC114A41CCA5174003E9BC7 /* aboutme1.png */,
				FBC114A51CCA5174003E9BC7 /* aboutme2.png */,
				FBC114A61CCA5174003E9BC7 /* aboutme3.png */,
				FBC114AA1CCA549F003E9BC7 /* icon1.png */,
				FBC114AB1CCA549F003E9BC7 /* icon2.png */,
				FBC114AC1CCA549F003E9BC7 /* icon3.png */,
				FBC114B01CCA58D5003E9BC7 /* info1.png */,
				FBC114B11CCA58D5003E9BC7 /* info2.png */,
				FBC114B21CCA58D5003E9BC7 /* info3.png */,
				FBC114B61CCA6021003E9BC7 /* twitter1.png */,
				FBC114B71CCA6021003E9BC7 /* twitter2.png */,
				FBC114B81CCA6021003E9BC7 /* twitter3.png */,
				FBC114BC1CCA6144003E9BC7 /* github1.png */,
				FBC114BD1CCA6144003E9BC7 /* github2.png */,
				FBC114BE1CCA6144003E9BC7 /* github3.png */,
				FBC114C21CCA6219003E9BC7 /* back1.png */,
				FBC114C31CCA6219003E9BC7 /* back2.png */,
				FBC114C41CCA6219003E9BC7 /* back3.png */,
				FBC114C81CCA6BF6003E9BC7 /* piano1.png */,
				FBC114C91CCA6BF6003E9BC7 /* piano2.png */,
				FBC114CA1CCA6BF6003E9BC7 /* piano3.png */,
				FBC114CE1CCA6D80003E9BC7 /* flute1.png */,
				FBC114CF1CCA6D80003E9BC7 /* flute2.png */,
				FBC114D01CCA6D80003E9BC7 /* flute3.png */,
				FBC114D41CCA6E24003E9BC7 /* violin1.png */,
				FBC114D51CCA6E24003E9BC7 /* violin2.png */,
				FBC114D61CCA6E24003E9BC7 /* violin3.png */,
				FBD9C3D11CCA41AF00CF83A5 /* Piano.mf.A1.aiff */,
				FBD9C3D21CCA41AF00CF83A5 /* Piano.mf.A2.aiff */,
				FBD9C3D31CCA41AF00CF83A5 /* Piano.mf.A3.aiff */,
				FBD9C3D41CCA41AF00CF83A5 /* Piano.mf.A4.aiff */,
				FBD9C3D51CCA41AF00CF83A5 /* Piano.mf.A5.aiff */,
				FBD9C3D61CCA41AF00CF83A5 /* Piano.mf.A6.aiff */,
				FBD9C3D71CCA41AF00CF83A5 /* Piano.mf.A7.aiff */,
				FBD9C3D81CCA41AF00CF83A5 /* Piano.mf.Ab1.aiff */,
				FBD9C3D91CCA41AF00CF83A5 /* Piano.mf.Ab2.aiff */,
				FBD9C3DA1CCA41AF00CF83A5 /* Piano.mf.Ab3.aiff */,
				FBD9C3DB1CCA41AF00CF83A5 /* Piano.mf.Ab4.aiff */,
				FBD9C3DC1CCA41AF00CF83A5 /* Piano.mf.Ab5.aiff */,
				FBD9C3DD1CCA41AF00CF83A5 /* Piano.mf.Ab6.aiff */,
				FBD9C3DE1CCA41AF00CF83A5 /* Piano.mf.Ab7.aiff */,
				FBD9C3DF1CCA41AF00CF83A5 /* Piano.mf.B0.aiff */,
				FBD9C3E01CCA41AF00CF83A5 /* Piano.mf.B1.aiff */,
				FBD9C3E11CCA41AF00CF83A5 /* Piano.mf.B2.aiff */,
				FBD9C3E21CCA41AF00CF83A5 /* Piano.mf.B3.aiff */,
				FBD9C3E31CCA41AF00CF83A5 /* Piano.mf.B4.aiff */,
				FBD9C3E41CCA41AF00CF83A5 /* Piano.mf.B5.aiff */,
				FBD9C3E51CCA41AF00CF83A5 /* Piano.mf.B6.aiff */,
				FBD9C3E61CCA41AF00CF83A5 /* Piano.mf.B7.aiff */,
				FBD9C3E71CCA41AF00CF83A5 /* Piano.mf.Bb1.aiff */,
				FBD9C3E81CCA41AF00CF83A5 /* Piano.mf.Bb2.aiff */,
				FBD9C3E91CCA41AF00CF83A5 /* Piano.mf.Bb3.aiff */,
				FBD9C3EA1CCA41AF00CF83A5 /* Piano.mf.Bb4.aiff */,
				FBD9C3EB1CCA41AF00CF83A5 /* Piano.mf.Bb5.aiff */,
				FBD9C3EC1CCA41AF00CF83A5 /* Piano.mf.Bb6.aiff */,
				FBD9C3ED1CCA41AF00CF83A5 /* Piano.mf.Bb7.aiff */,
				FBD9C3EE1CCA41AF00CF83A5 /* Piano.mf.C1.aiff */,
				FBD9C3EF1CCA41AF00CF83A5 /* Piano.mf.C2.aiff */,
				FBD9C3F01CCA41AF00CF83A5 /* Piano.mf.C3.aiff */,
				FBD9C3F11CCA41AF00CF83A5 /* Piano.mf.C4.aiff */,
				FBD9C3F21CCA41AF00CF83A5 /* Piano.mf.C5.aiff */,
				FBD9C3F31CCA41AF00CF83A5 /* Piano.mf.C6.aiff */,
				FBD9C3F41CCA41AF00CF83A5 /* Piano.mf.C7.aiff */,
				FBD9C3F51CCA41AF00CF83A5 /* Piano.mf.C8.aiff */,
				FBD9C3F61CCA41AF00CF83A5 /* Piano.mf.D1.1.aiff */,
				FBD9C3F71CCA41AF00CF83A5 /* Piano.mf.D1.aiff */,
				FBD9C3F81CCA41AF00CF83A5 /* Piano.mf.D2.aiff */,
				FBD9C3F91CCA41AF00CF83A5 /* Piano.mf.D3.aiff */,
				FBD9C3FA1CCA41AF00CF83A5 /* Piano.mf.D4.aiff */,
				FBD9C3FB1CCA41AF00CF83A5 /* Piano.mf.D5.aiff */,
				FBD9C3FC1CCA41AF00CF83A5 /* Piano.mf.D6.aiff */,
				FBD9C3FD1CCA41AF00CF83A5 /* Piano.mf.D7.aiff */,
				FBD9C3FE1CCA41AF00CF83A5 /* Piano.mf.Db1.1.aiff */,
				FBD9C3FF1CCA41AF00CF83A5 /* Piano.mf.Db1.aiff */,
				FBD9C4001CCA41AF00CF83A5 /* Piano.mf.Db2.aiff */,
				FBD9C4011CCA41AF00CF83A5 /* Piano.mf.Db3.aiff */,
				FBD9C4021CCA41AF00CF83A5 /* Piano.mf.Db4.aiff */,
				FBD9C4031CCA41AF00CF83A5 /* Piano.mf.Db5.aiff */,
				FBD9C4041CCA41AF00CF83A5 /* Piano.mf.Db6.aiff */,
				FBD9C4051CCA41AF00CF83A5 /* Piano.mf.Db7.aiff */,
				FBD9C4061CCA41AF00CF83A5 /* Piano.mf.E1.1.aiff */,
				FBD9C4071CCA41AF00CF83A5 /* Piano.mf.E1.aiff */,
				FBD9C4081CCA41AF00CF83A5 /* Piano.mf.E2.aiff */,
				FBD9C4091CCA41AF00CF83A5 /* Piano.mf.E3.aiff */,
				FBD9C40A1CCA41AF00CF83A5 /* Piano.mf.E4.aiff */,
				FBD9C40B1CCA41AF00CF83A5 /* Piano.mf.E5.aiff */,
				FBD9C40C1CCA41AF00CF83A5 /* Piano.mf.E6.aiff */,
				FBD9C40D1CCA41AF00CF83A5 /* Piano.mf.E7.aiff */,
				FBD9C40E1CCA41AF00CF83A5 /* Piano.mf.Eb1.aiff */,
				FBD9C40F1CCA41AF00CF83A5 /* Piano.mf.Eb2.aiff */,
				FBD9C4101CCA41AF00CF83A5 /* Piano.mf.Eb3.aiff */,
				FBD9C4111CCA41AF00CF83A5 /* Piano.mf.Eb4.aiff */,
				FBD9C4121CCA41AF00CF83A5 /* Piano.mf.Eb5.aiff */,
				FBD9C4131CCA41AF00CF83A5 /* Piano.mf.Eb6.aiff */,
				FBD9C4141CCA41AF00CF83A5 /* Piano.mf.Eb7.aiff */,
				FBD9C4151CCA41AF00CF83A5 /* Piano.mf.F1.aiff */,
				FBD9C4161CCA41AF00CF83A5 /* Piano.mf.F2.aiff */,
				FBD9C4171CCA41AF00CF83A5 /* Piano.mf.F3.aiff */,
				FBD9C4181CCA41AF00CF83A5 /* Piano.mf.F4.aiff */,
				FBD9C4191CCA41AF00CF83A5 /* Piano.mf.F5.aiff */,
				FBD9C41A1CCA41AF00CF83A5 /* Piano.mf.F6.aiff */,
				FBD9C41B1CCA41AF00CF83A5 /* Piano.mf.F7.aiff */,
				FBD9C41C1CCA41AF00CF83A5 /* Piano.mf.G1.aiff */,
				FBD9C41D1CCA41AF00CF83A5 /* Piano.mf.G2.aiff */,
				FBD9C41E1CCA41AF00CF83A5 /* Piano.mf.G3.aiff */,
				FBD9C41F1CCA41AF00CF83A5 /* Piano.mf.G4.aiff */,
				FBD9C4201CCA41AF00CF83A5 /* Piano.mf.G5.aiff */,
				FBD9C4211CCA41AF00CF83A5 /* Piano.mf.G6.aiff */,
				FBD9C4221CCA41AF00CF83A5 /* Piano.mf.G7.aiff */,
				FBD9C4231CCA41AF00CF83A5 /* Piano.mf.Gb1.aiff */,
				FBD9C4241CCA41AF00CF83A5 /* Piano.mf.Gb2.aiff */,
				FBD9C4251CCA41AF00CF83A5 /* Piano.mf.Gb3.aiff */,
				FBD9C4261CCA41AF00CF83A5 /* Piano.mf.Gb4.aiff */,
				FBD9C4271CCA41AF00CF83A5 /* Piano.mf.Gb5.aiff */,
				FBD9C4281CCA41AF00CF83A5 /* Piano.mf.Gb6.aiff */,
				FBD9C4291CCA41AF00CF83A5 /* Piano.mf.Gb7.aiff */,
				FB0B59251CC7E25C00C4A9AA /* black.jpg */,
				FB0B59261CC7E25C00C4A9AA /* white.jpg */,
				FBB7EE8D1CC7BBC700A2116C /* AppDelegate.swift */,
				FBB7EE8F1CC7BBC700A2116C /* ViewController.swift */,
				FBB7EE911CC7BBC700A2116C /* Main.storyboard */,
				FB119E561CC95F7700B0A6C7 /* Main.storyboard */,
				FBB7EE971CC7BBC700A2116C /* Assets.xcassets */,
				FBB7EE991CC7BBC700A2116C /* LaunchScreen.storyboard */,
				FBB7EE9C1CC7BBC700A2116C /* Info.plist */,
				FBB7EE941CC7BBC700A2116C /* _dtones.xcdatamodeld */,
			);
			path = 3dtones;
			sourceTree = "<group>";
		};
		FBB7EEA41CC7BBC700A2116C /* 3dtonesTests */ = {
			isa = PBXGroup;
			children = (
				FBB7EEA51CC7BBC700A2116C /* _dtonesTests.swift */,
				FBB7EEA71CC7BBC700A2116C /* Info.plist */,
			);
			path = 3dtonesTests;
			sourceTree = "<group>";
		};
		FBB7EEAF1CC7BBC700A2116C /* 3dtonesUITests */ = {
			isa = PBXGroup;
			children = (
				FBB7EEB01CC7BBC700A2116C /* _dtonesUITests.swift */,
				FBB7EEB21CC7BBC700A2116C /* Info.plist */,
			);
			path = 3dtonesUITests;
			sourceTree = "<group>";
		};
/* End PBXGroup section */

/* Begin PBXNativeTarget section */
		FBB7EE891CC7BBC600A2116C /* 3dtones */ = {
			isa = PBXNativeTarget;
			buildConfigurationList = FBB7EEB51CC7BBC700A2116C /* Build configuration list for PBXNativeTarget "3dtones" */;
			buildPhases = (
				FBB7EE861CC7BBC600A2116C /* Sources */,
				FBB7EE871CC7BBC600A2116C /* Frameworks */,
				FBB7EE881CC7BBC600A2116C /* Resources */,
			);
			buildRules = (
			);
			dependencies = (
			);
			name = 3dtones;
			productName = 3dtones;
			productReference = FBB7EE8A1CC7BBC600A2116C /* 3dtones.app */;
			productType = "com.apple.product-type.application";
		};
		FBB7EEA01CC7BBC700A2116C /* 3dtonesTests */ = {
			isa = PBXNativeTarget;
			buildConfigurationList = FBB7EEB81CC7BBC700A2116C /* Build configuration list for PBXNativeTarget "3dtonesTests" */;
			buildPhases = (
				FBB7EE9D1CC7BBC700A2116C /* Sources */,
				FBB7EE9E1CC7BBC700A2116C /* Frameworks */,
				FBB7EE9F1CC7BBC700A2116C /* Resources */,
			);
			buildRules = (
			);
			dependencies = (
				FBB7EEA31CC7BBC700A2116C /* PBXTargetDependency */,
			);
			name = 3dtonesTests;
			productName = 3dtonesTests;
			productReference = FBB7EEA11CC7BBC700A2116C /* 3dtonesTests.xctest */;
			productType = "com.apple.product-type.bundle.unit-test";
		};
		FBB7EEAB1CC7BBC700A2116C /* 3dtonesUITests */ = {
			isa = PBXNativeTarget;
			buildConfigurationList = FBB7EEBB1CC7BBC700A2116C /* Build configuration list for PBXNativeTarget "3dtonesUITests" */;
			buildPhases = (
				FBB7EEA81CC7BBC700A2116C /* Sources */,
				FBB7EEA91CC7BBC700A2116C /* Frameworks */,
				FBB7EEAA1CC7BBC700A2116C /* Resources */,
			);
			buildRules = (
			);
			dependencies = (
				FBB7EEAE1CC7BBC700A2116C /* PBXTargetDependency */,
			);
			name = 3dtonesUITests;
			productName = 3dtonesUITests;
			productReference = FBB7EEAC1CC7BBC700A2116C /* 3dtonesUITests.xctest */;
			productType = "com.apple.product-type.bundle.ui-testing";
		};
/* End PBXNativeTarget section */

/* Begin PBXProject section */
		FBB7EE821CC7BBC600A2116C /* Project object */ = {
			isa = PBXProject;
			attributes = {
				LastSwiftUpdateCheck = 0730;
				LastUpgradeCheck = 0730;
				ORGANIZATIONNAME = "Eli Yazdi";
				TargetAttributes = {
					FBB7EE891CC7BBC600A2116C = {
						CreatedOnToolsVersion = 7.3;
						DevelopmentTeam = 3NBA9YL8AA;
					};
					FBB7EEA01CC7BBC700A2116C = {
						CreatedOnToolsVersion = 7.3;
						DevelopmentTeam = 3NBA9YL8AA;
						TestTargetID = FBB7EE891CC7BBC600A2116C;
					};
					FBB7EEAB1CC7BBC700A2116C = {
						CreatedOnToolsVersion = 7.3;
						DevelopmentTeam = 3NBA9YL8AA;
						TestTargetID = FBB7EE891CC7BBC600A2116C;
					};
				};
			};
			buildConfigurationList = FBB7EE851CC7BBC600A2116C /* Build configuration list for PBXProject "3dtones" */;
			compatibilityVersion = "Xcode 3.2";
			developmentRegion = English;
			hasScannedForEncodings = 0;
			knownRegions = (
				en,
				Base,
			);
			mainGroup = FBB7EE811CC7BBC600A2116C;
			productRefGroup = FBB7EE8B1CC7BBC600A2116C /* Products */;
			projectDirPath = "";
			projectRoot = "";
			targets = (
				FBB7EE891CC7BBC600A2116C /* 3dtones */,
				FBB7EEA01CC7BBC700A2116C /* 3dtonesTests */,
				FBB7EEAB1CC7BBC700A2116C /* 3dtonesUITests */,
			);
		};
/* End PBXProject section */

/* Begin PBXResourcesBuildPhase section */
		FBB7EE881CC7BBC600A2116C /* Resources */ = {
			isa = PBXResourcesBuildPhase;
			buildActionMask = 2147483647;
			files = (
				FBC114A81CCA5174003E9BC7 /* aboutme2.png in Resources */,
				FBC114A91CCA5174003E9BC7 /* aboutme3.png in Resources */,
				FBD9C4FE1CCA41AF00CF83A5 /* Piano.mf.C5.aiff in Resources */,
				FBB7EE9B1CC7BBC700A2116C /* LaunchScreen.storyboard in Resources */,
				FB0B59281CC7E25C00C4A9AA /* white.jpg in Resources */,
				FBD9C5B01CCA446500CF83A5 /* darkblue1.png in Resources */,
				FBD9C4DF1CCA41AF00CF83A5 /* Piano.mf.A3.aiff in Resources */,
				FBD9C4F51CCA41AF00CF83A5 /* Piano.mf.Bb3.aiff in Resources */,
				FBC114A71CCA5174003E9BC7 /* aboutme1.png in Resources */,
				FBD9C4DD1CCA41AF00CF83A5 /* Piano.mf.A1.aiff in Resources */,
				FBD9C52D1CCA41AF00CF83A5 /* Piano.mf.G6.aiff in Resources */,
				FBD9C5331CCA41AF00CF83A5 /* Piano.mf.Gb5.aiff in Resources */,
				FBD9C5181CCA41AF00CF83A5 /* Piano.mf.E6.aiff in Resources */,
				FBD9C52E1CCA41AF00CF83A5 /* Piano.mf.G7.aiff in Resources */,
				FBD9C5241CCA41AF00CF83A5 /* Piano.mf.F4.aiff in Resources */,
				FBD9C5061CCA41AF00CF83A5 /* Piano.mf.D4.aiff in Resources */,
				FBD9C5131CCA41AF00CF83A5 /* Piano.mf.E1.aiff in Resources */,
				FBD9C5021CCA41AF00CF83A5 /* Piano.mf.D1.1.aiff in Resources */,
				FBD9C4F61CCA41AF00CF83A5 /* Piano.mf.Bb4.aiff in Resources */,
				FBD9C4F21CCA41AF00CF83A5 /* Piano.mf.B7.aiff in Resources */,
				FBD9C5351CCA41AF00CF83A5 /* Piano.mf.Gb7.aiff in Resources */,
				FBD9C59F1CCA41D800CF83A5 /* blue2.png in Resources */,
				FBC114D71CCA6E24003E9BC7 /* violin1.png in Resources */,
				FBD9C5341CCA41AF00CF83A5 /* Piano.mf.Gb6.aiff in Resources */,
				FBC114B91CCA6021003E9BC7 /* twitter1.png in Resources */,
				FBD9C5311CCA41AF00CF83A5 /* Piano.mf.Gb3.aiff in Resources */,
				FBD9C4ED1CCA41AF00CF83A5 /* Piano.mf.B2.aiff in Resources */,
				FBD9C4EF1CCA41AF00CF83A5 /* Piano.mf.B4.aiff in Resources */,
				FBD9C51A1CCA41AF00CF83A5 /* Piano.mf.Eb1.aiff in Resources */,
				FBD9C4F31CCA41AF00CF83A5 /* Piano.mf.Bb1.aiff in Resources */,
				FBD9C5321CCA41AF00CF83A5 /* Piano.mf.Gb4.aiff in Resources */,
				FBC114C51CCA6219003E9BC7 /* back1.png in Resources */,
				FBC114AE1CCA549F003E9BC7 /* icon2.png in Resources */,
				FBC114D31CCA6D80003E9BC7 /* flute3.png in Resources */,
				FBD9C52F1CCA41AF00CF83A5 /* Piano.mf.Gb1.aiff in Resources */,
				FBD9C4F81CCA41AF00CF83A5 /* Piano.mf.Bb6.aiff in Resources */,
				FBD9C5B71CCA48D500CF83A5 /* gear2.png in Resources */,
				FBD9C5071CCA41AF00CF83A5 /* Piano.mf.D5.aiff in Resources */,
				FBD9C5A01CCA41D800CF83A5 /* blue3.png in Resources */,
				FBD9C4EE1CCA41AF00CF83A5 /* Piano.mf.B3.aiff in Resources */,
				FBB7EE981CC7BBC700A2116C /* Assets.xcassets in Resources */,
				FBD9C52B1CCA41AF00CF83A5 /* Piano.mf.G4.aiff in Resources */,
				FBD9C4E61CCA41AF00CF83A5 /* Piano.mf.Ab3.aiff in Resources */,
				FBC114C11CCA6144003E9BC7 /* github3.png in Resources */,
				FBC114AD1CCA549F003E9BC7 /* icon1.png in Resources */,
				FBD9C5221CCA41AF00CF83A5 /* Piano.mf.F2.aiff in Resources */,
				FBD9C5A81CCA41D800CF83A5 /* pink2.png in Resources */,
				FBD9C4EC1CCA41AF00CF83A5 /* Piano.mf.B1.aiff in Resources */,
				FBD9C5201CCA41AF00CF83A5 /* Piano.mf.Eb7.aiff in Resources */,
				FBC114B31CCA58D5003E9BC7 /* info1.png in Resources */,
				FBD9C5001CCA41AF00CF83A5 /* Piano.mf.C7.aiff in Resources */,
				FB0B59271CC7E25C00C4A9AA /* black.jpg in Resources */,
				FBD9C5161CCA41AF00CF83A5 /* Piano.mf.E4.aiff in Resources */,
				FBC114D21CCA6D80003E9BC7 /* flute2.png in Resources */,
				FBD9C51D1CCA41AF00CF83A5 /* Piano.mf.Eb4.aiff in Resources */,
				FBD9C50E1CCA41AF00CF83A5 /* Piano.mf.Db4.aiff in Resources */,
				FBD9C50C1CCA41AF00CF83A5 /* Piano.mf.Db2.aiff in Resources */,
				FBD9C5B21CCA446500CF83A5 /* darkblue3.png in Resources */,
				FBD9C5B11CCA446500CF83A5 /* darkblue2.png in Resources */,
				FBD9C4F71CCA41AF00CF83A5 /* Piano.mf.Bb5.aiff in Resources */,
				FBD9C4FD1CCA41AF00CF83A5 /* Piano.mf.C4.aiff in Resources */,
				FBD9C5211CCA41AF00CF83A5 /* Piano.mf.F1.aiff in Resources */,
				FBD9C4E01CCA41AF00CF83A5 /* Piano.mf.A4.aiff in Resources */,
				FBD9C5051CCA41AF00CF83A5 /* Piano.mf.D3.aiff in Resources */,
				FBD9C5041CCA41AF00CF83A5 /* Piano.mf.D2.aiff in Resources */,
				FBC114D81CCA6E24003E9BC7 /* violin2.png in Resources */,
				FBD9C5101CCA41AF00CF83A5 /* Piano.mf.Db6.aiff in Resources */,
				FBD9C51B1CCA41AF00CF83A5 /* Piano.mf.Eb2.aiff in Resources */,
				FBD9C4F01CCA41AF00CF83A5 /* Piano.mf.B5.aiff in Resources */,
				FBD9C5251CCA41AF00CF83A5 /* Piano.mf.F5.aiff in Resources */,
				FBD9C50F1CCA41AF00CF83A5 /* Piano.mf.Db5.aiff in Resources */,
				FBD9C50D1CCA41AF00CF83A5 /* Piano.mf.Db3.aiff in Resources */,
				FBD9C50B1CCA41AF00CF83A5 /* Piano.mf.Db1.aiff in Resources */,
				FBD9C5121CCA41AF00CF83A5 /* Piano.mf.E1.1.aiff in Resources */,
				FBD9C4E51CCA41AF00CF83A5 /* Piano.mf.Ab2.aiff in Resources */,
				FBC114BB1CCA6021003E9BC7 /* twitter3.png in Resources */,
				FBD9C5031CCA41AF00CF83A5 /* Piano.mf.D1.aiff in Resources */,
				FBD9C5AA1CCA41D800CF83A5 /* red1.png in Resources */,
				FBC114B41CCA58D5003E9BC7 /* info2.png in Resources */,
				FBD9C5A41CCA41D800CF83A5 /* orange1.png in Resources */,
				FBD9C5A51CCA41D800CF83A5 /* orange2.png in Resources */,
				FBD9C4EA1CCA41AF00CF83A5 /* Piano.mf.Ab7.aiff in Resources */,
				FBC114B51CCA58D5003E9BC7 /* info3.png in Resources */,
				FBD9C5261CCA41AF00CF83A5 /* Piano.mf.F6.aiff in Resources */,
				FBD9C5191CCA41AF00CF83A5 /* Piano.mf.E7.aiff in Resources */,
				FBD9C4E21CCA41AF00CF83A5 /* Piano.mf.A6.aiff in Resources */,
				FBD9C50A1CCA41AF00CF83A5 /* Piano.mf.Db1.1.aiff in Resources */,
				FBD9C4F11CCA41AF00CF83A5 /* Piano.mf.B6.aiff in Resources */,
				FBD9C5141CCA41AF00CF83A5 /* Piano.mf.E2.aiff in Resources */,
				FBD9C5AC1CCA41D800CF83A5 /* red3.png in Resources */,
				FBB7EE931CC7BBC700A2116C /* Main.storyboard in Resources */,
				FBD9C5A31CCA41D800CF83A5 /* grey3.png in Resources */,
				FBD9C5A91CCA41D800CF83A5 /* pink3.png in Resources */,
				FBD9C59E1CCA41D800CF83A5 /* blue1.png in Resources */,
				FBC114CB1CCA6BF6003E9BC7 /* piano1.png in Resources */,
				FBD9C5AB1CCA41D800CF83A5 /* red2.png in Resources */,
				FBD9C4E41CCA41AF00CF83A5 /* Piano.mf.Ab1.aiff in Resources */,
				FBD9C5A71CCA41D800CF83A5 /* pink1.png in Resources */,
				FBD9C52A1CCA41AF00CF83A5 /* Piano.mf.G3.aiff in Resources */,
				FBC114CD1CCA6BF6003E9BC7 /* piano3.png in Resources */,
				FBD9C5151CCA41AF00CF83A5 /* Piano.mf.E3.aiff in Resources */,
				FB119E571CC95F7700B0A6C7 /* Main.storyboard in Resources */,
				FBD9C4FA1CCA41AF00CF83A5 /* Piano.mf.C1.aiff in Resources */,
				FBD9C5171CCA41AF00CF83A5 /* Piano.mf.E5.aiff in Resources */,
				FBD9C52C1CCA41AF00CF83A5 /* Piano.mf.G5.aiff in Resources */,
				FBD9C5B61CCA48D500CF83A5 /* gear1.png in Resources */,
				FBD9C5011CCA41AF00CF83A5 /* Piano.mf.C8.aiff in Resources */,
				FBC114BA1CCA6021003E9BC7 /* twitter2.png in Resources */,
				FBD9C4FF1CCA41AF00CF83A5 /* Piano.mf.C6.aiff in Resources */,
				FBD9C5A21CCA41D800CF83A5 /* grey2.png in Resources */,
				FBD9C4E91CCA41AF00CF83A5 /* Piano.mf.Ab6.aiff in Resources */,
				FBD9C5B81CCA48D500CF83A5 /* gear3.png in Resources */,
				FBC114C61CCA6219003E9BC7 /* back2.png in Resources */,
				FBD9C5231CCA41AF00CF83A5 /* Piano.mf.F3.aiff in Resources */,
				FBD9C5281CCA41AF00CF83A5 /* Piano.mf.G1.aiff in Resources */,
				FBC114CC1CCA6BF6003E9BC7 /* piano2.png in Resources */,
				FBC114D11CCA6D80003E9BC7 /* flute1.png in Resources */,
				FBC114BF1CCA6144003E9BC7 /* github1.png in Resources */,
				FBD9C4E81CCA41AF00CF83A5 /* Piano.mf.Ab5.aiff in Resources */,
				FBD9C5271CCA41AF00CF83A5 /* Piano.mf.F7.aiff in Resources */,
				FBD9C5081CCA41AF00CF83A5 /* Piano.mf.D6.aiff in Resources */,
				FBD9C4EB1CCA41AF00CF83A5 /* Piano.mf.B0.aiff in Resources */,
				FBC114C71CCA6219003E9BC7 /* back3.png in Resources */,
				FBD9C4FC1CCA41AF00CF83A5 /* Piano.mf.C3.aiff in Resources */,
				FBD9C4E11CCA41AF00CF83A5 /* Piano.mf.A5.aiff in Resources */,
				FBD9C4F91CCA41AF00CF83A5 /* Piano.mf.Bb7.aiff in Resources */,
				FBD9C5A61CCA41D800CF83A5 /* orange3.png in Resources */,
				FBD9C4E31CCA41AF00CF83A5 /* Piano.mf.A7.aiff in Resources */,
				FBD9C5301CCA41AF00CF83A5 /* Piano.mf.Gb2.aiff in Resources */,
				FBC114C01CCA6144003E9BC7 /* github2.png in Resources */,
				FBD9C51F1CCA41AF00CF83A5 /* Piano.mf.Eb6.aiff in Resources */,
				FBC114D91CCA6E24003E9BC7 /* violin3.png in Resources */,
				FBD9C51C1CCA41AF00CF83A5 /* Piano.mf.Eb3.aiff in Resources */,
				FBD9C4FB1CCA41AF00CF83A5 /* Piano.mf.C2.aiff in Resources */,
				FBD9C5A11CCA41D800CF83A5 /* grey1.png in Resources */,
				FBC114AF1CCA549F003E9BC7 /* icon3.png in Resources */,
				FBD9C5111CCA41AF00CF83A5 /* Piano.mf.Db7.aiff in Resources */,
				FBD9C4F41CCA41AF00CF83A5 /* Piano.mf.Bb2.aiff in Resources */,
				FBD9C51E1CCA41AF00CF83A5 /* Piano.mf.Eb5.aiff in Resources */,
				FBD9C4E71CCA41AF00CF83A5 /* Piano.mf.Ab4.aiff in Resources */,
				FBD9C5091CCA41AF00CF83A5 /* Piano.mf.D7.aiff in Resources */,
				FBD9C4DE1CCA41AF00CF83A5 /* Piano.mf.A2.aiff in Resources */,
				FBD9C5291CCA41AF00CF83A5 /* Piano.mf.G2.aiff in Resources */,
			);
			runOnlyForDeploymentPostprocessing = 0;
		};
		FBB7EE9F1CC7BBC700A2116C /* Resources */ = {
			isa = PBXResourcesBuildPhase;
			buildActionMask = 2147483647;
			files = (
			);
			runOnlyForDeploymentPostprocessing = 0;
		};
		FBB7EEAA1CC7BBC700A2116C /* Resources */ = {
			isa = PBXResourcesBuildPhase;
			buildActionMask = 2147483647;
			files = (
			);
			runOnlyForDeploymentPostprocessing = 0;
		};
/* End PBXResourcesBuildPhase section */

/* Begin PBXSourcesBuildPhase section */
		FBB7EE861CC7BBC600A2116C /* Sources */ = {
			isa = PBXSourcesBuildPhase;
			buildActionMask = 2147483647;
			files = (
				FBB7EE961CC7BBC700A2116C /* _dtones.xcdatamodeld in Sources */,
				FBB7EE901CC7BBC700A2116C /* ViewController.swift in Sources */,
				FBB7EE8E1CC7BBC700A2116C /* AppDelegate.swift in Sources */,
			);
			runOnlyForDeploymentPostprocessing = 0;
		};
		FBB7EE9D1CC7BBC700A2116C /* Sources */ = {
			isa = PBXSourcesBuildPhase;
			buildActionMask = 2147483647;
			files = (
				FBB7EEA61CC7BBC700A2116C /* _dtonesTests.swift in Sources */,
			);
			runOnlyForDeploymentPostprocessing = 0;
		};
		FBB7EEA81CC7BBC700A2116C /* Sources */ = {
			isa = PBXSourcesBuildPhase;
			buildActionMask = 2147483647;
			files = (
				FBB7EEB11CC7BBC700A2116C /* _dtonesUITests.swift in Sources */,
			);
			runOnlyForDeploymentPostprocessing = 0;
		};
/* End PBXSourcesBuildPhase section */

/* Begin PBXTargetDependency section */
		FBB7EEA31CC7BBC700A2116C /* PBXTargetDependency */ = {
			isa = PBXTargetDependency;
			target = FBB7EE891CC7BBC600A2116C /* 3dtones */;
			targetProxy = FBB7EEA21CC7BBC700A2116C /* PBXContainerItemProxy */;
		};
		FBB7EEAE1CC7BBC700A2116C /* PBXTargetDependency */ = {
			isa = PBXTargetDependency;
			target = FBB7EE891CC7BBC600A2116C /* 3dtones */;
			targetProxy = FBB7EEAD1CC7BBC700A2116C /* PBXContainerItemProxy */;
		};
/* End PBXTargetDependency section */

/* Begin PBXVariantGroup section */
		FBB7EE911CC7BBC700A2116C /* Main.storyboard */ = {
			isa = PBXVariantGroup;
			children = (
				FBB7EE921CC7BBC700A2116C /* Base */,
			);
			name = Main.storyboard;
			sourceTree = "<group>";
		};
		FBB7EE991CC7BBC700A2116C /* LaunchScreen.storyboard */ = {
			isa = PBXVariantGroup;
			children = (
				FBB7EE9A1CC7BBC700A2116C /* Base */,
			);
			name = LaunchScreen.storyboard;
			sourceTree = "<group>";
		};
/* End PBXVariantGroup section */

/* Begin XCBuildConfiguration section */
		FBB7EEB31CC7BBC700A2116C /* Debug */ = {
			isa = XCBuildConfiguration;
			buildSettings = {
				ALWAYS_SEARCH_USER_PATHS = NO;
				CLANG_ANALYZER_NONNULL = YES;
				CLANG_CXX_LANGUAGE_STANDARD = "gnu++0x";
				CLANG_CXX_LIBRARY = "libc++";
				CLANG_ENABLE_MODULES = YES;
				CLANG_ENABLE_OBJC_ARC = YES;
				CLANG_WARN_BOOL_CONVERSION = YES;
				CLANG_WARN_CONSTANT_CONVERSION = YES;
				CLANG_WARN_DIRECT_OBJC_ISA_USAGE = YES_ERROR;
				CLANG_WARN_EMPTY_BODY = YES;
				CLANG_WARN_ENUM_CONVERSION = YES;
				CLANG_WARN_INT_CONVERSION = YES;
				CLANG_WARN_OBJC_ROOT_CLASS = YES_ERROR;
				CLANG_WARN_UNREACHABLE_CODE = YES;
				CLANG_WARN__DUPLICATE_METHOD_MATCH = YES;
				"CODE_SIGN_IDENTITY[sdk=iphoneos*]" = "iPhone Developer";
				COPY_PHASE_STRIP = NO;
				DEBUG_INFORMATION_FORMAT = dwarf;
				ENABLE_STRICT_OBJC_MSGSEND = YES;
				ENABLE_TESTABILITY = YES;
				GCC_C_LANGUAGE_STANDARD = gnu99;
				GCC_DYNAMIC_NO_PIC = NO;
				GCC_NO_COMMON_BLOCKS = YES;
				GCC_OPTIMIZATION_LEVEL = 0;
				GCC_PREPROCESSOR_DEFINITIONS = (
					"DEBUG=1",
					"$(inherited)",
				);
				GCC_WARN_64_TO_32_BIT_CONVERSION = YES;
				GCC_WARN_ABOUT_RETURN_TYPE = YES_ERROR;
				GCC_WARN_UNDECLARED_SELECTOR = YES;
				GCC_WARN_UNINITIALIZED_AUTOS = YES_AGGRESSIVE;
				GCC_WARN_UNUSED_FUNCTION = YES;
				GCC_WARN_UNUSED_VARIABLE = YES;
				IPHONEOS_DEPLOYMENT_TARGET = 9.3;
				MTL_ENABLE_DEBUG_INFO = YES;
				ONLY_ACTIVE_ARCH = YES;
				SDKROOT = iphoneos;
				SWIFT_OPTIMIZATION_LEVEL = "-Onone";
			};
			name = Debug;
		};
		FBB7EEB41CC7BBC700A2116C /* Release */ = {
			isa = XCBuildConfiguration;
			buildSettings = {
				ALWAYS_SEARCH_USER_PATHS = NO;
				CLANG_ANALYZER_NONNULL = YES;
				CLANG_CXX_LANGUAGE_STANDARD = "gnu++0x";
				CLANG_CXX_LIBRARY = "libc++";
				CLANG_ENABLE_MODULES = YES;
				CLANG_ENABLE_OBJC_ARC = YES;
				CLANG_WARN_BOOL_CONVERSION = YES;
				CLANG_WARN_CONSTANT_CONVERSION = YES;
				CLANG_WARN_DIRECT_OBJC_ISA_USAGE = YES_ERROR;
				CLANG_WARN_EMPTY_BODY = YES;
				CLANG_WARN_ENUM_CONVERSION = YES;
				CLANG_WARN_INT_CONVERSION = YES;
				CLANG_WARN_OBJC_ROOT_CLASS = YES_ERROR;
				CLANG_WARN_UNREACHABLE_CODE = YES;
				CLANG_WARN__DUPLICATE_METHOD_MATCH = YES;
				"CODE_SIGN_IDENTITY[sdk=iphoneos*]" = "iPhone Developer";
				COPY_PHASE_STRIP = NO;
				DEBUG_INFORMATION_FORMAT = "dwarf-with-dsym";
				ENABLE_NS_ASSERTIONS = NO;
				ENABLE_STRICT_OBJC_MSGSEND = YES;
				GCC_C_LANGUAGE_STANDARD = gnu99;
				GCC_NO_COMMON_BLOCKS = YES;
				GCC_WARN_64_TO_32_BIT_CONVERSION = YES;
				GCC_WARN_ABOUT_RETURN_TYPE = YES_ERROR;
				GCC_WARN_UNDECLARED_SELECTOR = YES;
				GCC_WARN_UNINITIALIZED_AUTOS = YES_AGGRESSIVE;
				GCC_WARN_UNUSED_FUNCTION = YES;
				GCC_WARN_UNUSED_VARIABLE = YES;
				IPHONEOS_DEPLOYMENT_TARGET = 9.3;
				MTL_ENABLE_DEBUG_INFO = NO;
				SDKROOT = iphoneos;
				VALIDATE_PRODUCT = YES;
			};
			name = Release;
		};
		FBB7EEB61CC7BBC700A2116C /* Debug */ = {
			isa = XCBuildConfiguration;
			buildSettings = {
				ASSETCATALOG_COMPILER_APPICON_NAME = AppIcon;
				INFOPLIST_FILE = 3dtones/Info.plist;
				LD_RUNPATH_SEARCH_PATHS = "$(inherited) @executable_path/Frameworks";
				PRODUCT_BUNDLE_IDENTIFIER = "com.eliyazdi.-dtones";
				PRODUCT_NAME = "$(TARGET_NAME)";
			};
			name = Debug;
		};
		FBB7EEB71CC7BBC700A2116C /* Release */ = {
			isa = XCBuildConfiguration;
			buildSettings = {
				ASSETCATALOG_COMPILER_APPICON_NAME = AppIcon;
				INFOPLIST_FILE = 3dtones/Info.plist;
				LD_RUNPATH_SEARCH_PATHS = "$(inherited) @executable_path/Frameworks";
				PRODUCT_BUNDLE_IDENTIFIER = "com.eliyazdi.-dtones";
				PRODUCT_NAME = "$(TARGET_NAME)";
			};
			name = Release;
		};
		FBB7EEB91CC7BBC700A2116C /* Debug */ = {
			isa = XCBuildConfiguration;
			buildSettings = {
				BUNDLE_LOADER = "$(TEST_HOST)";
				INFOPLIST_FILE = 3dtonesTests/Info.plist;
				LD_RUNPATH_SEARCH_PATHS = "$(inherited) @executable_path/Frameworks @loader_path/Frameworks";
				PRODUCT_BUNDLE_IDENTIFIER = "com.eliyazdi.-dtonesTests";
				PRODUCT_NAME = "$(TARGET_NAME)";
				TEST_HOST = "$(BUILT_PRODUCTS_DIR)/3dtones.app/3dtones";
			};
			name = Debug;
		};
		FBB7EEBA1CC7BBC700A2116C /* Release */ = {
			isa = XCBuildConfiguration;
			buildSettings = {
				BUNDLE_LOADER = "$(TEST_HOST)";
				INFOPLIST_FILE = 3dtonesTests/Info.plist;
				LD_RUNPATH_SEARCH_PATHS = "$(inherited) @executable_path/Frameworks @loader_path/Frameworks";
				PRODUCT_BUNDLE_IDENTIFIER = "com.eliyazdi.-dtonesTests";
				PRODUCT_NAME = "$(TARGET_NAME)";
				TEST_HOST = "$(BUILT_PRODUCTS_DIR)/3dtones.app/3dtones";
			};
			name = Release;
		};
		FBB7EEBC1CC7BBC700A2116C /* Debug */ = {
			isa = XCBuildConfiguration;
			buildSettings = {
				INFOPLIST_FILE = 3dtonesUITests/Info.plist;
				LD_RUNPATH_SEARCH_PATHS = "$(inherited) @executable_path/Frameworks @loader_path/Frameworks";
				PRODUCT_BUNDLE_IDENTIFIER = "com.eliyazdi.-dtonesUITests";
				PRODUCT_NAME = "$(TARGET_NAME)";
				TEST_TARGET_NAME = 3dtones;
			};
			name = Debug;
		};
		FBB7EEBD1CC7BBC700A2116C /* Release */ = {
			isa = XCBuildConfiguration;
			buildSettings = {
				INFOPLIST_FILE = 3dtonesUITests/Info.plist;
				LD_RUNPATH_SEARCH_PATHS = "$(inherited) @executable_path/Frameworks @loader_path/Frameworks";
				PRODUCT_BUNDLE_IDENTIFIER = "com.eliyazdi.-dtonesUITests";
				PRODUCT_NAME = "$(TARGET_NAME)";
				TEST_TARGET_NAME = 3dtones;
			};
			name = Release;
		};
/* End XCBuildConfiguration section */

/* Begin XCConfigurationList section */
		FBB7EE851CC7BBC600A2116C /* Build configuration list for PBXProject "3dtones" */ = {
			isa = XCConfigurationList;
			buildConfigurations = (
				FBB7EEB31CC7BBC700A2116C /* Debug */,
				FBB7EEB41CC7BBC700A2116C /* Release */,
			);
			defaultConfigurationIsVisible = 0;
			defaultConfigurationName = Release;
		};
		FBB7EEB51CC7BBC700A2116C /* Build configuration list for PBXNativeTarget "3dtones" */ = {
			isa = XCConfigurationList;
			buildConfigurations = (
				FBB7EEB61CC7BBC700A2116C /* Debug */,
				FBB7EEB71CC7BBC700A2116C /* Release */,
			);
			defaultConfigurationIsVisible = 0;
			defaultConfigurationName = Release;
		};
		FBB7EEB81CC7BBC700A2116C /* Build configuration list for PBXNativeTarget "3dtonesTests" */ = {
			isa = XCConfigurationList;
			buildConfigurations = (
				FBB7EEB91CC7BBC700A2116C /* Debug */,
				FBB7EEBA1CC7BBC700A2116C /* Release */,
			);
			defaultConfigurationIsVisible = 0;
			defaultConfigurationName = Release;
		};
		FBB7EEBB1CC7BBC700A2116C /* Build configuration list for PBXNativeTarget "3dtonesUITests" */ = {
			isa = XCConfigurationList;
			buildConfigurations = (
				FBB7EEBC1CC7BBC700A2116C /* Debug */,
				FBB7EEBD1CC7BBC700A2116C /* Release */,
			);
			defaultConfigurationIsVisible = 0;
			defaultConfigurationName = Release;
		};
/* End XCConfigurationList section */

/* Begin XCVersionGroup section */
		FBB7EE941CC7BBC700A2116C /* _dtones.xcdatamodeld */ = {
			isa = XCVersionGroup;
			children = (
				FBB7EE951CC7BBC700A2116C /* _dtones.xcdatamodel */,
			);
			currentVersion = FBB7EE951CC7BBC700A2116C /* _dtones.xcdatamodel */;
			path = _dtones.xcdatamodeld;
			sourceTree = "<group>";
			versionGroupType = wrapper.xcdatamodel;
		};
/* End XCVersionGroup section */
	};
	rootObject = FBB7EE821CC7BBC600A2116C /* Project object */;
}
